// !$*UTF8*$!
{
	archiveVersion = 1;
	classes = {
	};
	objectVersion = 56;
	objects = {

/* Begin PBXBuildFile section */
		C3B92C6429A0632C003A8C74 /* Coding_Goals_AppApp.swift in Sources */ = {isa = PBXBuildFile; fileRef = C3B92C6329A0632C003A8C74 /* Coding_Goals_AppApp.swift */; };
		C3B92C6629A0632C003A8C74 /* ContentView.swift in Sources */ = {isa = PBXBuildFile; fileRef = C3B92C6529A0632C003A8C74 /* ContentView.swift */; };
		C3B92C6829A0632D003A8C74 /* Assets.xcassets in Resources */ = {isa = PBXBuildFile; fileRef = C3B92C6729A0632D003A8C74 /* Assets.xcassets */; };
		C3B92C6C29A0632D003A8C74 /* Preview Assets.xcassets in Resources */ = {isa = PBXBuildFile; fileRef = C3B92C6B29A0632D003A8C74 /* Preview Assets.xcassets */; };
		C3B92C7629A0632D003A8C74 /* Coding_Goals_AppTests.swift in Sources */ = {isa = PBXBuildFile; fileRef = C3B92C7529A0632D003A8C74 /* Coding_Goals_AppTests.swift */; };
		C3B92C8029A0632D003A8C74 /* Coding_Goals_AppUITests.swift in Sources */ = {isa = PBXBuildFile; fileRef = C3B92C7F29A0632D003A8C74 /* Coding_Goals_AppUITests.swift */; };
		C3B92C8229A0632D003A8C74 /* Coding_Goals_AppUITestsLaunchTests.swift in Sources */ = {isa = PBXBuildFile; fileRef = C3B92C8129A0632D003A8C74 /* Coding_Goals_AppUITestsLaunchTests.swift */; };
/* End PBXBuildFile section */

/* Begin PBXContainerItemProxy section */
		C3B92C7229A0632D003A8C74 /* PBXContainerItemProxy */ = {
			isa = PBXContainerItemProxy;
			containerPortal = C3B92C5829A0632C003A8C74 /* Project object */;
			proxyType = 1;
			remoteGlobalIDString = C3B92C5F29A0632C003A8C74;
			remoteInfo = "Coding Goals App";
		};
		C3B92C7C29A0632D003A8C74 /* PBXContainerItemProxy */ = {
			isa = PBXContainerItemProxy;
			containerPortal = C3B92C5829A0632C003A8C74 /* Project object */;
			proxyType = 1;
			remoteGlobalIDString = C3B92C5F29A0632C003A8C74;
			remoteInfo = "Coding Goals App";
		};
/* End PBXContainerItemProxy section */

/* Begin PBXFileReference section */
		C3B92C6029A0632C003A8C74 /* Coding Goals App.app */ = {isa = PBXFileReference; explicitFileType = wrapper.application; includeInIndex = 0; path = "Coding Goals App.app"; sourceTree = BUILT_PRODUCTS_DIR; };
		C3B92C6329A0632C003A8C74 /* Coding_Goals_AppApp.swift */ = {isa = PBXFileReference; lastKnownFileType = sourcecode.swift; path = Coding_Goals_AppApp.swift; sourceTree = "<group>"; };
		C3B92C6529A0632C003A8C74 /* ContentView.swift */ = {isa = PBXFileReference; lastKnownFileType = sourcecode.swift; path = ContentView.swift; sourceTree = "<group>"; };
		C3B92C6729A0632D003A8C74 /* Assets.xcassets */ = {isa = PBXFileReference; lastKnownFileType = folder.assetcatalog; path = Assets.xcassets; sourceTree = "<group>"; };
		C3B92C6929A0632D003A8C74 /* Coding_Goals_App.entitlements */ = {isa = PBXFileReference; lastKnownFileType = text.plist.entitlements; path = Coding_Goals_App.entitlements; sourceTree = "<group>"; };
		C3B92C6B29A0632D003A8C74 /* Preview Assets.xcassets */ = {isa = PBXFileReference; lastKnownFileType = folder.assetcatalog; path = "Preview Assets.xcassets"; sourceTree = "<group>"; };
		C3B92C7129A0632D003A8C74 /* Coding Goals AppTests.xctest */ = {isa = PBXFileReference; explicitFileType = wrapper.cfbundle; includeInIndex = 0; path = "Coding Goals AppTests.xctest"; sourceTree = BUILT_PRODUCTS_DIR; };
		C3B92C7529A0632D003A8C74 /* Coding_Goals_AppTests.swift */ = {isa = PBXFileReference; lastKnownFileType = sourcecode.swift; path = Coding_Goals_AppTests.swift; sourceTree = "<group>"; };
		C3B92C7B29A0632D003A8C74 /* Coding Goals AppUITests.xctest */ = {isa = PBXFileReference; explicitFileType = wrapper.cfbundle; includeInIndex = 0; path = "Coding Goals AppUITests.xctest"; sourceTree = BUILT_PRODUCTS_DIR; };
		C3B92C7F29A0632D003A8C74 /* Coding_Goals_AppUITests.swift */ = {isa = PBXFileReference; lastKnownFileType = sourcecode.swift; path = Coding_Goals_AppUITests.swift; sourceTree = "<group>"; };
		C3B92C8129A0632D003A8C74 /* Coding_Goals_AppUITestsLaunchTests.swift */ = {isa = PBXFileReference; lastKnownFileType = sourcecode.swift; path = Coding_Goals_AppUITestsLaunchTests.swift; sourceTree = "<group>"; };
/* End PBXFileReference section */

/* Begin PBXFrameworksBuildPhase section */
		C3B92C5D29A0632C003A8C74 /* Frameworks */ = {
			isa = PBXFrameworksBuildPhase;
			buildActionMask = 2147483647;
			files = (
			);
			runOnlyForDeploymentPostprocessing = 0;
		};
		C3B92C6E29A0632D003A8C74 /* Frameworks */ = {
			isa = PBXFrameworksBuildPhase;
			buildActionMask = 2147483647;
			files = (
			);
			runOnlyForDeploymentPostprocessing = 0;
		};
		C3B92C7829A0632D003A8C74 /* Frameworks */ = {
			isa = PBXFrameworksBuildPhase;
			buildActionMask = 2147483647;
			files = (
			);
			runOnlyForDeploymentPostprocessing = 0;
		};
/* End PBXFrameworksBuildPhase section */

/* Begin PBXGroup section */
		C3B92C5729A0632C003A8C74 = {
			isa = PBXGroup;
			children = (
				C3B92C6229A0632C003A8C74 /* Coding Goals App */,
				C3B92C7429A0632D003A8C74 /* Coding Goals AppTests */,
				C3B92C7E29A0632D003A8C74 /* Coding Goals AppUITests */,
				C3B92C6129A0632C003A8C74 /* Products */,
			);
			sourceTree = "<group>";
		};
		C3B92C6129A0632C003A8C74 /* Products */ = {
			isa = PBXGroup;
			children = (
				C3B92C6029A0632C003A8C74 /* Coding Goals App.app */,
				C3B92C7129A0632D003A8C74 /* Coding Goals AppTests.xctest */,
				C3B92C7B29A0632D003A8C74 /* Coding Goals AppUITests.xctest */,
			);
			name = Products;
			sourceTree = "<group>";
		};
		C3B92C6229A0632C003A8C74 /* Coding Goals App */ = {
			isa = PBXGroup;
			children = (
				C3B92C6329A0632C003A8C74 /* Coding_Goals_AppApp.swift */,
				C3B92C6529A0632C003A8C74 /* ContentView.swift */,
				C3B92C6729A0632D003A8C74 /* Assets.xcassets */,
				C3B92C6929A0632D003A8C74 /* Coding_Goals_App.entitlements */,
				C3B92C6A29A0632D003A8C74 /* Preview Content */,
			);
			path = "Coding Goals App";
			sourceTree = "<group>";
		};
		C3B92C6A29A0632D003A8C74 /* Preview Content */ = {
			isa = PBXGroup;
			children = (
				C3B92C6B29A0632D003A8C74 /* Preview Assets.xcassets */,
			);
			path = "Preview Content";
			sourceTree = "<group>";
		};
		C3B92C7429A0632D003A8C74 /* Coding Goals AppTests */ = {
			isa = PBXGroup;
			children = (
				C3B92C7529A0632D003A8C74 /* Coding_Goals_AppTests.swift */,
			);
			path = "Coding Goals AppTests";
			sourceTree = "<group>";
		};
		C3B92C7E29A0632D003A8C74 /* Coding Goals AppUITests */ = {
			isa = PBXGroup;
			children = (
				C3B92C7F29A0632D003A8C74 /* Coding_Goals_AppUITests.swift */,
				C3B92C8129A0632D003A8C74 /* Coding_Goals_AppUITestsLaunchTests.swift */,
			);
			path = "Coding Goals AppUITests";
			sourceTree = "<group>";
		};
/* End PBXGroup section */

/* Begin PBXNativeTarget section */
		C3B92C5F29A0632C003A8C74 /* Coding Goals App */ = {
			isa = PBXNativeTarget;
			buildConfigurationList = C3B92C8529A0632D003A8C74 /* Build configuration list for PBXNativeTarget "Coding Goals App" */;
			buildPhases = (
				C3B92C5C29A0632C003A8C74 /* Sources */,
				C3B92C5D29A0632C003A8C74 /* Frameworks */,
				C3B92C5E29A0632C003A8C74 /* Resources */,
			);
			buildRules = (
			);
			dependencies = (
			);
			name = "Coding Goals App";
			productName = "Coding Goals App";
			productReference = C3B92C6029A0632C003A8C74 /* Coding Goals App.app */;
			productType = "com.apple.product-type.application";
		};
		C3B92C7029A0632D003A8C74 /* Coding Goals AppTests */ = {
			isa = PBXNativeTarget;
			buildConfigurationList = C3B92C8829A0632D003A8C74 /* Build configuration list for PBXNativeTarget "Coding Goals AppTests" */;
			buildPhases = (
				C3B92C6D29A0632D003A8C74 /* Sources */,
				C3B92C6E29A0632D003A8C74 /* Frameworks */,
				C3B92C6F29A0632D003A8C74 /* Resources */,
			);
			buildRules = (
			);
			dependencies = (
				C3B92C7329A0632D003A8C74 /* PBXTargetDependency */,
			);
			name = "Coding Goals AppTests";
			productName = "Coding Goals AppTests";
			productReference = C3B92C7129A0632D003A8C74 /* Coding Goals AppTests.xctest */;
			productType = "com.apple.product-type.bundle.unit-test";
		};
		C3B92C7A29A0632D003A8C74 /* Coding Goals AppUITests */ = {
			isa = PBXNativeTarget;
			buildConfigurationList = C3B92C8B29A0632D003A8C74 /* Build configuration list for PBXNativeTarget "Coding Goals AppUITests" */;
			buildPhases = (
				C3B92C7729A0632D003A8C74 /* Sources */,
				C3B92C7829A0632D003A8C74 /* Frameworks */,
				C3B92C7929A0632D003A8C74 /* Resources */,
			);
			buildRules = (
			);
			dependencies = (
				C3B92C7D29A0632D003A8C74 /* PBXTargetDependency */,
			);
			name = "Coding Goals AppUITests";
			productName = "Coding Goals AppUITests";
			productReference = C3B92C7B29A0632D003A8C74 /* Coding Goals AppUITests.xctest */;
			productType = "com.apple.product-type.bundle.ui-testing";
		};
/* End PBXNativeTarget section */

/* Begin PBXProject section */
		C3B92C5829A0632C003A8C74 /* Project object */ = {
			isa = PBXProject;
			attributes = {
				BuildIndependentTargetsInParallel = 1;
				LastSwiftUpdateCheck = 1420;
				LastUpgradeCheck = 1420;
				TargetAttributes = {
					C3B92C5F29A0632C003A8C74 = {
						CreatedOnToolsVersion = 14.2;
					};
					C3B92C7029A0632D003A8C74 = {
						CreatedOnToolsVersion = 14.2;
						TestTargetID = C3B92C5F29A0632C003A8C74;
					};
					C3B92C7A29A0632D003A8C74 = {
						CreatedOnToolsVersion = 14.2;
						TestTargetID = C3B92C5F29A0632C003A8C74;
					};
				};
			};
			buildConfigurationList = C3B92C5B29A0632C003A8C74 /* Build configuration list for PBXProject "Coding Goals App" */;
			compatibilityVersion = "Xcode 14.0";
			developmentRegion = en;
			hasScannedForEncodings = 0;
			knownRegions = (
				en,
				Base,
			);
			mainGroup = C3B92C5729A0632C003A8C74;
			productRefGroup = C3B92C6129A0632C003A8C74 /* Products */;
			projectDirPath = "";
			projectRoot = "";
			targets = (
				C3B92C5F29A0632C003A8C74 /* Coding Goals App */,
				C3B92C7029A0632D003A8C74 /* Coding Goals AppTests */,
				C3B92C7A29A0632D003A8C74 /* Coding Goals AppUITests */,
			);
		};
/* End PBXProject section */

/* Begin PBXResourcesBuildPhase section */
		C3B92C5E29A0632C003A8C74 /* Resources */ = {
			isa = PBXResourcesBuildPhase;
			buildActionMask = 2147483647;
			files = (
				C3B92C6C29A0632D003A8C74 /* Preview Assets.xcassets in Resources */,
				C3B92C6829A0632D003A8C74 /* Assets.xcassets in Resources */,
			);
			runOnlyForDeploymentPostprocessing = 0;
		};
		C3B92C6F29A0632D003A8C74 /* Resources */ = {
			isa = PBXResourcesBuildPhase;
			buildActionMask = 2147483647;
			files = (
			);
			runOnlyForDeploymentPostprocessing = 0;
		};
		C3B92C7929A0632D003A8C74 /* Resources */ = {
			isa = PBXResourcesBuildPhase;
			buildActionMask = 2147483647;
			files = (
			);
			runOnlyForDeploymentPostprocessing = 0;
		};
/* End PBXResourcesBuildPhase section */

/* Begin PBXSourcesBuildPhase section */
		C3B92C5C29A0632C003A8C74 /* Sources */ = {
			isa = PBXSourcesBuildPhase;
			buildActionMask = 2147483647;
			files = (
				C3B92C6629A0632C003A8C74 /* ContentView.swift in Sources */,
				C3B92C6429A0632C003A8C74 /* Coding_Goals_AppApp.swift in Sources */,
			);
			runOnlyForDeploymentPostprocessing = 0;
		};
		C3B92C6D29A0632D003A8C74 /* Sources */ = {
			isa = PBXSourcesBuildPhase;
			buildActionMask = 2147483647;
			files = (
				C3B92C7629A0632D003A8C74 /* Coding_Goals_AppTests.swift in Sources */,
			);
			runOnlyForDeploymentPostprocessing = 0;
		};
		C3B92C7729A0632D003A8C74 /* Sources */ = {
			isa = PBXSourcesBuildPhase;
			buildActionMask = 2147483647;
			files = (
				C3B92C8029A0632D003A8C74 /* Coding_Goals_AppUITests.swift in Sources */,
				C3B92C8229A0632D003A8C74 /* Coding_Goals_AppUITestsLaunchTests.swift in Sources */,
			);
			runOnlyForDeploymentPostprocessing = 0;
		};
/* End PBXSourcesBuildPhase section */

/* Begin PBXTargetDependency section */
		C3B92C7329A0632D003A8C74 /* PBXTargetDependency */ = {
			isa = PBXTargetDependency;
			target = C3B92C5F29A0632C003A8C74 /* Coding Goals App */;
			targetProxy = C3B92C7229A0632D003A8C74 /* PBXContainerItemProxy */;
		};
		C3B92C7D29A0632D003A8C74 /* PBXTargetDependency */ = {
			isa = PBXTargetDependency;
			target = C3B92C5F29A0632C003A8C74 /* Coding Goals App */;
			targetProxy = C3B92C7C29A0632D003A8C74 /* PBXContainerItemProxy */;
		};
/* End PBXTargetDependency section */

/* Begin XCBuildConfiguration section */
		C3B92C8329A0632D003A8C74 /* Debug */ = {
			isa = XCBuildConfiguration;
			buildSettings = {
				ALWAYS_SEARCH_USER_PATHS = NO;
				CLANG_ANALYZER_NONNULL = YES;
				CLANG_ANALYZER_NUMBER_OBJECT_CONVERSION = YES_AGGRESSIVE;
				CLANG_CXX_LANGUAGE_STANDARD = "gnu++20";
				CLANG_ENABLE_MODULES = YES;
				CLANG_ENABLE_OBJC_ARC = YES;
				CLANG_ENABLE_OBJC_WEAK = YES;
				CLANG_WARN_BLOCK_CAPTURE_AUTORELEASING = YES;
				CLANG_WARN_BOOL_CONVERSION = YES;
				CLANG_WARN_COMMA = YES;
				CLANG_WARN_CONSTANT_CONVERSION = YES;
				CLANG_WARN_DEPRECATED_OBJC_IMPLEMENTATIONS = YES;
				CLANG_WARN_DIRECT_OBJC_ISA_USAGE = YES_ERROR;
				CLANG_WARN_DOCUMENTATION_COMMENTS = YES;
				CLANG_WARN_EMPTY_BODY = YES;
				CLANG_WARN_ENUM_CONVERSION = YES;
				CLANG_WARN_INFINITE_RECURSION = YES;
				CLANG_WARN_INT_CONVERSION = YES;
				CLANG_WARN_NON_LITERAL_NULL_CONVERSION = YES;
				CLANG_WARN_OBJC_IMPLICIT_RETAIN_SELF = YES;
				CLANG_WARN_OBJC_LITERAL_CONVERSION = YES;
				CLANG_WARN_OBJC_ROOT_CLASS = YES_ERROR;
				CLANG_WARN_QUOTED_INCLUDE_IN_FRAMEWORK_HEADER = YES;
				CLANG_WARN_RANGE_LOOP_ANALYSIS = YES;
				CLANG_WARN_STRICT_PROTOTYPES = YES;
				CLANG_WARN_SUSPICIOUS_MOVE = YES;
				CLANG_WARN_UNGUARDED_AVAILABILITY = YES_AGGRESSIVE;
				CLANG_WARN_UNREACHABLE_CODE = YES;
				CLANG_WARN__DUPLICATE_METHOD_MATCH = YES;
				COPY_PHASE_STRIP = NO;
				DEBUG_INFORMATION_FORMAT = dwarf;
				ENABLE_STRICT_OBJC_MSGSEND = YES;
				ENABLE_TESTABILITY = YES;
				GCC_C_LANGUAGE_STANDARD = gnu11;
				GCC_DYNAMIC_NO_PIC = NO;
				GCC_NO_COMMON_BLOCKS = YES;
				GCC_OPTIMIZATION_LEVEL = 0;
				GCC_PREPROCESSOR_DEFINITIONS = (
					"DEBUG=1",
					"$(inherited)",
				);
				GCC_WARN_64_TO_32_BIT_CONVERSION = YES;
				GCC_WARN_ABOUT_RETURN_TYPE = YES_ERROR;
				GCC_WARN_UNDECLARED_SELECTOR = YES;
				GCC_WARN_UNINITIALIZED_AUTOS = YES_AGGRESSIVE;
				GCC_WARN_UNUSED_FUNCTION = YES;
				GCC_WARN_UNUSED_VARIABLE = YES;
				MTL_ENABLE_DEBUG_INFO = INCLUDE_SOURCE;
				MTL_FAST_MATH = YES;
				ONLY_ACTIVE_ARCH = YES;
				SWIFT_ACTIVE_COMPILATION_CONDITIONS = DEBUG;
				SWIFT_OPTIMIZATION_LEVEL = "-Onone";
			};
			name = Debug;
		};
		C3B92C8429A0632D003A8C74 /* Release */ = {
			isa = XCBuildConfiguration;
			buildSettings = {
				ALWAYS_SEARCH_USER_PATHS = NO;
				CLANG_ANALYZER_NONNULL = YES;
				CLANG_ANALYZER_NUMBER_OBJECT_CONVERSION = YES_AGGRESSIVE;
				CLANG_CXX_LANGUAGE_STANDARD = "gnu++20";
				CLANG_ENABLE_MODULES = YES;
				CLANG_ENABLE_OBJC_ARC = YES;
				CLANG_ENABLE_OBJC_WEAK = YES;
				CLANG_WARN_BLOCK_CAPTURE_AUTORELEASING = YES;
				CLANG_WARN_BOOL_CONVERSION = YES;
				CLANG_WARN_COMMA = YES;
				CLANG_WARN_CONSTANT_CONVERSION = YES;
				CLANG_WARN_DEPRECATED_OBJC_IMPLEMENTATIONS = YES;
				CLANG_WARN_DIRECT_OBJC_ISA_USAGE = YES_ERROR;
				CLANG_WARN_DOCUMENTATION_COMMENTS = YES;
				CLANG_WARN_EMPTY_BODY = YES;
				CLANG_WARN_ENUM_CONVERSION = YES;
				CLANG_WARN_INFINITE_RECURSION = YES;
				CLANG_WARN_INT_CONVERSION = YES;
				CLANG_WARN_NON_LITERAL_NULL_CONVERSION = YES;
				CLANG_WARN_OBJC_IMPLICIT_RETAIN_SELF = YES;
				CLANG_WARN_OBJC_LITERAL_CONVERSION = YES;
				CLANG_WARN_OBJC_ROOT_CLASS = YES_ERROR;
				CLANG_WARN_QUOTED_INCLUDE_IN_FRAMEWORK_HEADER = YES;
				CLANG_WARN_RANGE_LOOP_ANALYSIS = YES;
				CLANG_WARN_STRICT_PROTOTYPES = YES;
				CLANG_WARN_SUSPICIOUS_MOVE = YES;
				CLANG_WARN_UNGUARDED_AVAILABILITY = YES_AGGRESSIVE;
				CLANG_WARN_UNREACHABLE_CODE = YES;
				CLANG_WARN__DUPLICATE_METHOD_MATCH = YES;
				COPY_PHASE_STRIP = NO;
				DEBUG_INFORMATION_FORMAT = "dwarf-with-dsym";
				ENABLE_NS_ASSERTIONS = NO;
				ENABLE_STRICT_OBJC_MSGSEND = YES;
				GCC_C_LANGUAGE_STANDARD = gnu11;
				GCC_NO_COMMON_BLOCKS = YES;
				GCC_WARN_64_TO_32_BIT_CONVERSION = YES;
				GCC_WARN_ABOUT_RETURN_TYPE = YES_ERROR;
				GCC_WARN_UNDECLARED_SELECTOR = YES;
				GCC_WARN_UNINITIALIZED_AUTOS = YES_AGGRESSIVE;
				GCC_WARN_UNUSED_FUNCTION = YES;
				GCC_WARN_UNUSED_VARIABLE = YES;
				MTL_ENABLE_DEBUG_INFO = NO;
				MTL_FAST_MATH = YES;
				SWIFT_COMPILATION_MODE = wholemodule;
				SWIFT_OPTIMIZATION_LEVEL = "-O";
			};
			name = Release;
		};
		C3B92C8629A0632D003A8C74 /* Debug */ = {
			isa = XCBuildConfiguration;
			buildSettings = {
				ASSETCATALOG_COMPILER_APPICON_NAME = AppIcon;
				ASSETCATALOG_COMPILER_GLOBAL_ACCENT_COLOR_NAME = AccentColor;
				CODE_SIGN_ENTITLEMENTS = "Coding Goals App/Coding_Goals_App.entitlements";
				CODE_SIGN_STYLE = Automatic;
				CURRENT_PROJECT_VERSION = 1;
				DEVELOPMENT_ASSET_PATHS = "\"Coding Goals App/Preview Content\"";
				DEVELOPMENT_TEAM = 8H9FWM9GMB;
				ENABLE_HARDENED_RUNTIME = YES;
				ENABLE_PREVIEWS = YES;
				GENERATE_INFOPLIST_FILE = YES;
				"INFOPLIST_KEY_UIApplicationSceneManifest_Generation[sdk=iphoneos*]" = YES;
				"INFOPLIST_KEY_UIApplicationSceneManifest_Generation[sdk=iphonesimulator*]" = YES;
				"INFOPLIST_KEY_UIApplicationSupportsIndirectInputEvents[sdk=iphoneos*]" = YES;
				"INFOPLIST_KEY_UIApplicationSupportsIndirectInputEvents[sdk=iphonesimulator*]" = YES;
				"INFOPLIST_KEY_UILaunchScreen_Generation[sdk=iphoneos*]" = YES;
				"INFOPLIST_KEY_UILaunchScreen_Generation[sdk=iphonesimulator*]" = YES;
				"INFOPLIST_KEY_UIStatusBarStyle[sdk=iphoneos*]" = UIStatusBarStyleDefault;
				"INFOPLIST_KEY_UIStatusBarStyle[sdk=iphonesimulator*]" = UIStatusBarStyleDefault;
				INFOPLIST_KEY_UISupportedInterfaceOrientations_iPad = "UIInterfaceOrientationPortrait UIInterfaceOrientationPortraitUpsideDown UIInterfaceOrientationLandscapeLeft UIInterfaceOrientationLandscapeRight";
				INFOPLIST_KEY_UISupportedInterfaceOrientations_iPhone = "UIInterfaceOrientationPortrait UIInterfaceOrientationLandscapeLeft UIInterfaceOrientationLandscapeRight";
				IPHONEOS_DEPLOYMENT_TARGET = 16.2;
				LD_RUNPATH_SEARCH_PATHS = "@executable_path/Frameworks";
				"LD_RUNPATH_SEARCH_PATHS[sdk=macosx*]" = "@executable_path/../Frameworks";
				MACOSX_DEPLOYMENT_TARGET = 13.1;
				MARKETING_VERSION = 1.0;
				PRODUCT_BUNDLE_IDENTIFIER = "com.chriscentrella.Coding-Goals-App";
				PRODUCT_NAME = "$(TARGET_NAME)";
				SDKROOT = auto;
				SUPPORTED_PLATFORMS = "iphoneos iphonesimulator macosx";
				SWIFT_EMIT_LOC_STRINGS = YES;
				SWIFT_VERSION = 5.0;
				TARGETED_DEVICE_FAMILY = "1,2";
			};
			name = Debug;
		};
		C3B92C8729A0632D003A8C74 /* Release */ = {
			isa = XCBuildConfiguration;
			buildSettings = {
				ASSETCATALOG_COMPILER_APPICON_NAME = AppIcon;
				ASSETCATALOG_COMPILER_GLOBAL_ACCENT_COLOR_NAME = AccentColor;
				CODE_SIGN_ENTITLEMENTS = "Coding Goals App/Coding_Goals_App.entitlements";
				CODE_SIGN_STYLE = Automatic;
				CURRENT_PROJECT_VERSION = 1;
				DEVELOPMENT_ASSET_PATHS = "\"Coding Goals App/Preview Content\"";
				DEVELOPMENT_TEAM = 8H9FWM9GMB;
				ENABLE_HARDENED_RUNTIME = YES;
				ENABLE_PREVIEWS = YES;
				GENERATE_INFOPLIST_FILE = YES;
				"INFOPLIST_KEY_UIApplicationSceneManifest_Generation[sdk=iphoneos*]" = YES;
				"INFOPLIST_KEY_UIApplicationSceneManifest_Generation[sdk=iphonesimulator*]" = YES;
				"INFOPLIST_KEY_UIApplicationSupportsIndirectInputEvents[sdk=iphoneos*]" = YES;
				"INFOPLIST_KEY_UIApplicationSupportsIndirectInputEvents[sdk=iphonesimulator*]" = YES;
				"INFOPLIST_KEY_UILaunchScreen_Generation[sdk=iphoneos*]" = YES;
				"INFOPLIST_KEY_UILaunchScreen_Generation[sdk=iphonesimulator*]" = YES;
				"INFOPLIST_KEY_UIStatusBarStyle[sdk=iphoneos*]" = UIStatusBarStyleDefault;
				"INFOPLIST_KEY_UIStatusBarStyle[sdk=iphonesimulator*]" = UIStatusBarStyleDefault;
				INFOPLIST_KEY_UISupportedInterfaceOrientations_iPad = "UIInterfaceOrientationPortrait UIInterfaceOrientationPortraitUpsideDown UIInterfaceOrientationLandscapeLeft UIInterfaceOrientationLandscapeRight";
				INFOPLIST_KEY_UISupportedInterfaceOrientations_iPhone = "UIInterfaceOrientationPortrait UIInterfaceOrientationLandscapeLeft UIInterfaceOrientationLandscapeRight";
				IPHONEOS_DEPLOYMENT_TARGET = 16.2;
				LD_RUNPATH_SEARCH_PATHS = "@executable_path/Frameworks";
				"LD_RUNPATH_SEARCH_PATHS[sdk=macosx*]" = "@executable_path/../Frameworks";
				MACOSX_DEPLOYMENT_TARGET = 13.1;
				MARKETING_VERSION = 1.0;
				PRODUCT_BUNDLE_IDENTIFIER = "com.chriscentrella.Coding-Goals-App";
				PRODUCT_NAME = "$(TARGET_NAME)";
				SDKROOT = auto;
				SUPPORTED_PLATFORMS = "iphoneos iphonesimulator macosx";
				SWIFT_EMIT_LOC_STRINGS = YES;
				SWIFT_VERSION = 5.0;
				TARGETED_DEVICE_FAMILY = "1,2";
			};
			name = Release;
		};
		C3B92C8929A0632D003A8C74 /* Debug */ = {
			isa = XCBuildConfiguration;
			buildSettings = {
				ALWAYS_EMBED_SWIFT_STANDARD_LIBRARIES = YES;
				BUNDLE_LOADER = "$(TEST_HOST)";
				CODE_SIGN_STYLE = Automatic;
				CURRENT_PROJECT_VERSION = 1;
				DEVELOPMENT_TEAM = 8H9FWM9GMB;
				GENERATE_INFOPLIST_FILE = YES;
				IPHONEOS_DEPLOYMENT_TARGET = 16.2;
				MACOSX_DEPLOYMENT_TARGET = 13.1;
				MARKETING_VERSION = 1.0;
				PRODUCT_BUNDLE_IDENTIFIER = "com.chriscentrella.Coding-Goals-AppTests";
				PRODUCT_NAME = "$(TARGET_NAME)";
				SDKROOT = auto;
				SUPPORTED_PLATFORMS = "iphoneos iphonesimulator macosx";
				SWIFT_EMIT_LOC_STRINGS = NO;
				SWIFT_VERSION = 5.0;
				TARGETED_DEVICE_FAMILY = "1,2";
				TEST_HOST = "$(BUILT_PRODUCTS_DIR)/Coding Goals App.app/$(BUNDLE_EXECUTABLE_FOLDER_PATH)/Coding Goals App";
			};
			name = Debug;
		};
		C3B92C8A29A0632D003A8C74 /* Release */ = {
			isa = XCBuildConfiguration;
			buildSettings = {
				ALWAYS_EMBED_SWIFT_STANDARD_LIBRARIES = YES;
				BUNDLE_LOADER = "$(TEST_HOST)";
				CODE_SIGN_STYLE = Automatic;
				CURRENT_PROJECT_VERSION = 1;
				DEVELOPMENT_TEAM = 8H9FWM9GMB;
				GENERATE_INFOPLIST_FILE = YES;
				IPHONEOS_DEPLOYMENT_TARGET = 16.2;
				MACOSX_DEPLOYMENT_TARGET = 13.1;
				MARKETING_VERSION = 1.0;
				PRODUCT_BUNDLE_IDENTIFIER = "com.chriscentrella.Coding-Goals-AppTests";
				PRODUCT_NAME = "$(TARGET_NAME)";
				SDKROOT = auto;
				SUPPORTED_PLATFORMS = "iphoneos iphonesimulator macosx";
				SWIFT_EMIT_LOC_STRINGS = NO;
				SWIFT_VERSION = 5.0;
				TARGETED_DEVICE_FAMILY = "1,2";
				TEST_HOST = "$(BUILT_PRODUCTS_DIR)/Coding Goals App.app/$(BUNDLE_EXECUTABLE_FOLDER_PATH)/Coding Goals App";
			};
			name = Release;
		};
		C3B92C8C29A0632D003A8C74 /* Debug */ = {
			isa = XCBuildConfiguration;
			buildSettings = {
				ALWAYS_EMBED_SWIFT_STANDARD_LIBRARIES = YES;
				CODE_SIGN_STYLE = Automatic;
				CURRENT_PROJECT_VERSION = 1;
				DEVELOPMENT_TEAM = 8H9FWM9GMB;
				GENERATE_INFOPLIST_FILE = YES;
				IPHONEOS_DEPLOYMENT_TARGET = 16.2;
				MACOSX_DEPLOYMENT_TARGET = 13.1;
				MARKETING_VERSION = 1.0;
				PRODUCT_BUNDLE_IDENTIFIER = "com.chriscentrella.Coding-Goals-AppUITests";
				PRODUCT_NAME = "$(TARGET_NAME)";
				SDKROOT = auto;
				SUPPORTED_PLATFORMS = "iphoneos iphonesimulator macosx";
				SWIFT_EMIT_LOC_STRINGS = NO;
				SWIFT_VERSION = 5.0;
				TARGETED_DEVICE_FAMILY = "1,2";
				TEST_TARGET_NAME = "Coding Goals App";
			};
			name = Debug;
		};
		C3B92C8D29A0632D003A8C74 /* Release */ = {
			isa = XCBuildConfiguration;
			buildSettings = {
				ALWAYS_EMBED_SWIFT_STANDARD_LIBRARIES = YES;
				CODE_SIGN_STYLE = Automatic;
				CURRENT_PROJECT_VERSION = 1;
				DEVELOPMENT_TEAM = 8H9FWM9GMB;
				GENERATE_INFOPLIST_FILE = YES;
				IPHONEOS_DEPLOYMENT_TARGET = 16.2;
				MACOSX_DEPLOYMENT_TARGET = 13.1;
				MARKETING_VERSION = 1.0;
				PRODUCT_BUNDLE_IDENTIFIER = "com.chriscentrella.Coding-Goals-AppUITests";
				PRODUCT_NAME = "$(TARGET_NAME)";
				SDKROOT = auto;
				SUPPORTED_PLATFORMS = "iphoneos iphonesimulator macosx";
				SWIFT_EMIT_LOC_STRINGS = NO;
				SWIFT_VERSION = 5.0;
				TARGETED_DEVICE_FAMILY = "1,2";
				TEST_TARGET_NAME = "Coding Goals App";
			};
			name = Release;
		};
/* End XCBuildConfiguration section */

/* Begin XCConfigurationList section */
		C3B92C5B29A0632C003A8C74 /* Build configuration list for PBXProject "Coding Goals App" */ = {
			isa = XCConfigurationList;
			buildConfigurations = (
				C3B92C8329A0632D003A8C74 /* Debug */,
				C3B92C8429A0632D003A8C74 /* Release */,
			);
			defaultConfigurationIsVisible = 0;
			defaultConfigurationName = Release;
		};
		C3B92C8529A0632D003A8C74 /* Build configuration list for PBXNativeTarget "Coding Goals App" */ = {
			isa = XCConfigurationList;
			buildConfigurations = (
				C3B92C8629A0632D003A8C74 /* Debug */,
				C3B92C8729A0632D003A8C74 /* Release */,
			);
			defaultConfigurationIsVisible = 0;
			defaultConfigurationName = Release;
		};
		C3B92C8829A0632D003A8C74 /* Build configuration list for PBXNativeTarget "Coding Goals AppTests" */ = {
			isa = XCConfigurationList;
			buildConfigurations = (
				C3B92C8929A0632D003A8C74 /* Debug */,
				C3B92C8A29A0632D003A8C74 /* Release */,
			);
			defaultConfigurationIsVisible = 0;
			defaultConfigurationName = Release;
		};
		C3B92C8B29A0632D003A8C74 /* Build configuration list for PBXNativeTarget "Coding Goals AppUITests" */ = {
			isa = XCConfigurationList;
			buildConfigurations = (
				C3B92C8C29A0632D003A8C74 /* Debug */,
				C3B92C8D29A0632D003A8C74 /* Release */,
			);
			defaultConfigurationIsVisible = 0;
			defaultConfigurationName = Release;
		};
/* End XCConfigurationList section */
	};
	rootObject = C3B92C5829A0632C003A8C74 /* Project object */;
}
