// !$*UTF8*$!
{
	archiveVersion = 1;
	classes = {
	};
	objectVersion = 56;
	objects = {

/* Begin PBXBuildFile section */
		C334E5B829A984BD00283217 /* Image.swift in Sources */ = {isa = PBXBuildFile; fileRef = C334E5B729A984BD00283217 /* Image.swift */; };
		C334E5BA29A9910A00283217 /* Shape.swift in Sources */ = {isa = PBXBuildFile; fileRef = C334E5B929A9910900283217 /* Shape.swift */; };
		C34D92F929B2AFE2006D979C /* GoalDetailEditView.swift in Sources */ = {isa = PBXBuildFile; fileRef = C34D92F829B2AFE2006D979C /* GoalDetailEditView.swift */; };
		C358E2B329AECA3C00217EBB /* GoalDetailEditOptions.swift in Sources */ = {isa = PBXBuildFile; fileRef = C358E2B229AECA3C00217EBB /* GoalDetailEditOptions.swift */; };
		C358E2B529AECB4B00217EBB /* GoalDetailEditBasic.swift in Sources */ = {isa = PBXBuildFile; fileRef = C358E2B429AECB4B00217EBB /* GoalDetailEditBasic.swift */; };
		C358E2B729AECC4B00217EBB /* GoalDetailEditNotifications.swift in Sources */ = {isa = PBXBuildFile; fileRef = C358E2B629AECC4B00217EBB /* GoalDetailEditNotifications.swift */; };
		C358E2B929AECC8700217EBB /* GoalDetailEditNotes.swift in Sources */ = {isa = PBXBuildFile; fileRef = C358E2B829AECC8700217EBB /* GoalDetailEditNotes.swift */; };
		C372399B29B97D7A0058798D /* GoalUpdateView.swift in Sources */ = {isa = PBXBuildFile; fileRef = C372399A29B97D7A0058798D /* GoalUpdateView.swift */; };
		C372399D29B9826A0058798D /* OptionalBinding.swift in Sources */ = {isa = PBXBuildFile; fileRef = C372399C29B9826A0058798D /* OptionalBinding.swift */; };
		C373D08329B0379C00117C62 /* GoalDetailIntro.swift in Sources */ = {isa = PBXBuildFile; fileRef = C373D08229B0379C00117C62 /* GoalDetailIntro.swift */; };
		C373D08529B0381000117C62 /* GoalDetailBody.swift in Sources */ = {isa = PBXBuildFile; fileRef = C373D08429B0381000117C62 /* GoalDetailBody.swift */; };
		C38C3C4529BC31BC0091FDC2 /* GoalStatusHelper.swift in Sources */ = {isa = PBXBuildFile; fileRef = C38C3C4429BC31BC0091FDC2 /* GoalStatusHelper.swift */; };
		C38C3C4729BCF0C80091FDC2 /* NullableBool.swift in Sources */ = {isa = PBXBuildFile; fileRef = C38C3C4629BCF0C80091FDC2 /* NullableBool.swift */; };
		C391462329B81D2700B15340 /* GoalStatus.swift in Sources */ = {isa = PBXBuildFile; fileRef = C391462229B81D2700B15340 /* GoalStatus.swift */; };
		C3B92C6429A0632C003A8C74 /* Coding_Goals_AppApp.swift in Sources */ = {isa = PBXBuildFile; fileRef = C3B92C6329A0632C003A8C74 /* Coding_Goals_AppApp.swift */; };
		C3B92C6829A0632D003A8C74 /* Assets.xcassets in Resources */ = {isa = PBXBuildFile; fileRef = C3B92C6729A0632D003A8C74 /* Assets.xcassets */; };
		C3B92C7629A0632D003A8C74 /* Coding_Goals_AppTests.swift in Sources */ = {isa = PBXBuildFile; fileRef = C3B92C7529A0632D003A8C74 /* Coding_Goals_AppTests.swift */; };
		C3B92C8029A0632D003A8C74 /* Coding_Goals_AppUITests.swift in Sources */ = {isa = PBXBuildFile; fileRef = C3B92C7F29A0632D003A8C74 /* Coding_Goals_AppUITests.swift */; };
		C3B92C8229A0632D003A8C74 /* Coding_Goals_AppUITestsLaunchTests.swift in Sources */ = {isa = PBXBuildFile; fileRef = C3B92C8129A0632D003A8C74 /* Coding_Goals_AppUITestsLaunchTests.swift */; };
		C3B92C9129A06529003A8C74 /* Goal.swift in Sources */ = {isa = PBXBuildFile; fileRef = C3B92C9029A06529003A8C74 /* Goal.swift */; };
		C3B92C9329A068D8003A8C74 /* GoalRepeat.swift in Sources */ = {isa = PBXBuildFile; fileRef = C3B92C9229A068D8003A8C74 /* GoalRepeat.swift */; };
		C3B92C9529A0698B003A8C74 /* GoalNotifications.swift in Sources */ = {isa = PBXBuildFile; fileRef = C3B92C9429A0698B003A8C74 /* GoalNotifications.swift */; };
		C3B92C9729A11F50003A8C74 /* DataStore.swift in Sources */ = {isa = PBXBuildFile; fileRef = C3B92C9629A11F50003A8C74 /* DataStore.swift */; };
		C3B92C9A29A161D8003A8C74 /* sampleGoals.json in Resources */ = {isa = PBXBuildFile; fileRef = C3B92C9929A161D8003A8C74 /* sampleGoals.json */; };
		C3B92C9C29A167C6003A8C74 /* GoalListView.swift in Sources */ = {isa = PBXBuildFile; fileRef = C3B92C9B29A167C6003A8C74 /* GoalListView.swift */; };
		C3B92C9F29A167F4003A8C74 /* GoalDetailView.swift in Sources */ = {isa = PBXBuildFile; fileRef = C3B92C9E29A167F4003A8C74 /* GoalDetailView.swift */; };
		C3B92CA329A1681B003A8C74 /* BannerView.swift in Sources */ = {isa = PBXBuildFile; fileRef = C3B92CA229A1681B003A8C74 /* BannerView.swift */; };
		C3B92CA829A16858003A8C74 /* AlertBanner.swift in Sources */ = {isa = PBXBuildFile; fileRef = C3B92CA729A16858003A8C74 /* AlertBanner.swift */; };
		C3B92CAA29A1689C003A8C74 /* CongratsBanner.swift in Sources */ = {isa = PBXBuildFile; fileRef = C3B92CA929A1689C003A8C74 /* CongratsBanner.swift */; };
		C3B92CAC29A168E7003A8C74 /* IntroBanner.swift in Sources */ = {isa = PBXBuildFile; fileRef = C3B92CAB29A168E7003A8C74 /* IntroBanner.swift */; };
		C3B92CAE29A168F7003A8C74 /* OverviewBanner.swift in Sources */ = {isa = PBXBuildFile; fileRef = C3B92CAD29A168F7003A8C74 /* OverviewBanner.swift */; };
		C3CB923E29B01C950019AD0A /* GoalListItem.swift in Sources */ = {isa = PBXBuildFile; fileRef = C3CB923D29B01C950019AD0A /* GoalListItem.swift */; };
		C3D82DF929AA7C0D00A3BBB9 /* InspirationalMessage.swift in Sources */ = {isa = PBXBuildFile; fileRef = C3D82DF829AA7C0D00A3BBB9 /* InspirationalMessage.swift */; };
		C3D82DFC29AC170800A3BBB9 /* GoalHistory.swift in Sources */ = {isa = PBXBuildFile; fileRef = C3D82DFB29AC170800A3BBB9 /* GoalHistory.swift */; };
		C3D82DFE29AC20F100A3BBB9 /* NullableDate.swift in Sources */ = {isa = PBXBuildFile; fileRef = C3D82DFD29AC20F100A3BBB9 /* NullableDate.swift */; };
		C3EEAB0E29BD1E5B00A8D6B7 /* GoalStatusController.swift in Sources */ = {isa = PBXBuildFile; fileRef = C3EEAB0D29BD1E5B00A8D6B7 /* GoalStatusController.swift */; };
		C3EEAB1029BD1FEF00A8D6B7 /* PercentGoalStatusController.swift in Sources */ = {isa = PBXBuildFile; fileRef = C3EEAB0F29BD1FEF00A8D6B7 /* PercentGoalStatusController.swift */; };
		C3EEAB1229BD1FFE00A8D6B7 /* DefaultGoalStatusController.swift in Sources */ = {isa = PBXBuildFile; fileRef = C3EEAB1129BD1FFE00A8D6B7 /* DefaultGoalStatusController.swift */; };
		C3F1C67C29B41E0F00F0A62B /* GoalType.swift in Sources */ = {isa = PBXBuildFile; fileRef = C3F1C67B29B41E0F00F0A62B /* GoalType.swift */; };
		C3F1C68029B426DC00F0A62B /* GoalCustomRepeatOptions.swift in Sources */ = {isa = PBXBuildFile; fileRef = C3F1C67F29B426DC00F0A62B /* GoalCustomRepeatOptions.swift */; };
/* End PBXBuildFile section */

/* Begin PBXContainerItemProxy section */
		C3B92C7229A0632D003A8C74 /* PBXContainerItemProxy */ = {
			isa = PBXContainerItemProxy;
			containerPortal = C3B92C5829A0632C003A8C74 /* Project object */;
			proxyType = 1;
			remoteGlobalIDString = C3B92C5F29A0632C003A8C74;
			remoteInfo = "Coding Goals App";
		};
		C3B92C7C29A0632D003A8C74 /* PBXContainerItemProxy */ = {
			isa = PBXContainerItemProxy;
			containerPortal = C3B92C5829A0632C003A8C74 /* Project object */;
			proxyType = 1;
			remoteGlobalIDString = C3B92C5F29A0632C003A8C74;
			remoteInfo = "Coding Goals App";
		};
/* End PBXContainerItemProxy section */

/* Begin PBXFileReference section */
		C334E5B729A984BD00283217 /* Image.swift */ = {isa = PBXFileReference; lastKnownFileType = sourcecode.swift; path = Image.swift; sourceTree = "<group>"; };
		C334E5B929A9910900283217 /* Shape.swift */ = {isa = PBXFileReference; lastKnownFileType = sourcecode.swift; path = Shape.swift; sourceTree = "<group>"; };
		C34D92F829B2AFE2006D979C /* GoalDetailEditView.swift */ = {isa = PBXFileReference; lastKnownFileType = sourcecode.swift; name = GoalDetailEditView.swift; path = "Coding Goals App/Views/Goal/GoalDetailEditView.swift"; sourceTree = SOURCE_ROOT; };
		C358E2B229AECA3C00217EBB /* GoalDetailEditOptions.swift */ = {isa = PBXFileReference; lastKnownFileType = sourcecode.swift; path = GoalDetailEditOptions.swift; sourceTree = "<group>"; };
		C358E2B429AECB4B00217EBB /* GoalDetailEditBasic.swift */ = {isa = PBXFileReference; lastKnownFileType = sourcecode.swift; path = GoalDetailEditBasic.swift; sourceTree = "<group>"; };
		C358E2B629AECC4B00217EBB /* GoalDetailEditNotifications.swift */ = {isa = PBXFileReference; lastKnownFileType = sourcecode.swift; path = GoalDetailEditNotifications.swift; sourceTree = "<group>"; };
		C358E2B829AECC8700217EBB /* GoalDetailEditNotes.swift */ = {isa = PBXFileReference; lastKnownFileType = sourcecode.swift; path = GoalDetailEditNotes.swift; sourceTree = "<group>"; };
		C372399A29B97D7A0058798D /* GoalUpdateView.swift */ = {isa = PBXFileReference; lastKnownFileType = sourcecode.swift; path = GoalUpdateView.swift; sourceTree = "<group>"; };
		C372399C29B9826A0058798D /* OptionalBinding.swift */ = {isa = PBXFileReference; lastKnownFileType = sourcecode.swift; path = OptionalBinding.swift; sourceTree = "<group>"; };
		C373D08229B0379C00117C62 /* GoalDetailIntro.swift */ = {isa = PBXFileReference; lastKnownFileType = sourcecode.swift; path = GoalDetailIntro.swift; sourceTree = "<group>"; };
		C373D08429B0381000117C62 /* GoalDetailBody.swift */ = {isa = PBXFileReference; lastKnownFileType = sourcecode.swift; path = GoalDetailBody.swift; sourceTree = "<group>"; };
		C38C3C4429BC31BC0091FDC2 /* GoalStatusHelper.swift */ = {isa = PBXFileReference; lastKnownFileType = sourcecode.swift; path = GoalStatusHelper.swift; sourceTree = "<group>"; };
		C38C3C4629BCF0C80091FDC2 /* NullableBool.swift */ = {isa = PBXFileReference; lastKnownFileType = sourcecode.swift; name = NullableBool.swift; path = "Coding Goals App/Model/NullableBool.swift"; sourceTree = SOURCE_ROOT; };
		C391461E29B8053C00B15340 /* NotificationService.swift */ = {isa = PBXFileReference; lastKnownFileType = sourcecode.swift; path = NotificationService.swift; sourceTree = "<group>"; };
		C391462229B81D2700B15340 /* GoalStatus.swift */ = {isa = PBXFileReference; lastKnownFileType = sourcecode.swift; path = GoalStatus.swift; sourceTree = "<group>"; };
		C3B92C6029A0632C003A8C74 /* Coding Goals App.app */ = {isa = PBXFileReference; explicitFileType = wrapper.application; includeInIndex = 0; path = "Coding Goals App.app"; sourceTree = BUILT_PRODUCTS_DIR; };
		C3B92C6329A0632C003A8C74 /* Coding_Goals_AppApp.swift */ = {isa = PBXFileReference; lastKnownFileType = sourcecode.swift; path = Coding_Goals_AppApp.swift; sourceTree = "<group>"; };
		C3B92C6729A0632D003A8C74 /* Assets.xcassets */ = {isa = PBXFileReference; lastKnownFileType = folder.assetcatalog; path = Assets.xcassets; sourceTree = "<group>"; };
		C3B92C6929A0632D003A8C74 /* Coding_Goals_App.entitlements */ = {isa = PBXFileReference; lastKnownFileType = text.plist.entitlements; path = Coding_Goals_App.entitlements; sourceTree = "<group>"; };
		C3B92C6B29A0632D003A8C74 /* Preview Assets.xcassets */ = {isa = PBXFileReference; lastKnownFileType = folder.assetcatalog; path = "Preview Assets.xcassets"; sourceTree = "<group>"; };
		C3B92C7129A0632D003A8C74 /* Coding Goals AppTests.xctest */ = {isa = PBXFileReference; explicitFileType = wrapper.cfbundle; includeInIndex = 0; path = "Coding Goals AppTests.xctest"; sourceTree = BUILT_PRODUCTS_DIR; };
		C3B92C7529A0632D003A8C74 /* Coding_Goals_AppTests.swift */ = {isa = PBXFileReference; lastKnownFileType = sourcecode.swift; path = Coding_Goals_AppTests.swift; sourceTree = "<group>"; };
		C3B92C7B29A0632D003A8C74 /* Coding Goals AppUITests.xctest */ = {isa = PBXFileReference; explicitFileType = wrapper.cfbundle; includeInIndex = 0; path = "Coding Goals AppUITests.xctest"; sourceTree = BUILT_PRODUCTS_DIR; };
		C3B92C7F29A0632D003A8C74 /* Coding_Goals_AppUITests.swift */ = {isa = PBXFileReference; lastKnownFileType = sourcecode.swift; path = Coding_Goals_AppUITests.swift; sourceTree = "<group>"; };
		C3B92C8129A0632D003A8C74 /* Coding_Goals_AppUITestsLaunchTests.swift */ = {isa = PBXFileReference; lastKnownFileType = sourcecode.swift; path = Coding_Goals_AppUITestsLaunchTests.swift; sourceTree = "<group>"; };
		C3B92C9029A06529003A8C74 /* Goal.swift */ = {isa = PBXFileReference; lastKnownFileType = sourcecode.swift; path = Goal.swift; sourceTree = "<group>"; };
		C3B92C9229A068D8003A8C74 /* GoalRepeat.swift */ = {isa = PBXFileReference; lastKnownFileType = sourcecode.swift; path = GoalRepeat.swift; sourceTree = "<group>"; };
		C3B92C9429A0698B003A8C74 /* GoalNotifications.swift */ = {isa = PBXFileReference; lastKnownFileType = sourcecode.swift; path = GoalNotifications.swift; sourceTree = "<group>"; };
		C3B92C9629A11F50003A8C74 /* DataStore.swift */ = {isa = PBXFileReference; lastKnownFileType = sourcecode.swift; path = DataStore.swift; sourceTree = "<group>"; };
		C3B92C9929A161D8003A8C74 /* sampleGoals.json */ = {isa = PBXFileReference; lastKnownFileType = text.json; path = sampleGoals.json; sourceTree = "<group>"; };
		C3B92C9B29A167C6003A8C74 /* GoalListView.swift */ = {isa = PBXFileReference; lastKnownFileType = sourcecode.swift; path = GoalListView.swift; sourceTree = "<group>"; };
		C3B92C9E29A167F4003A8C74 /* GoalDetailView.swift */ = {isa = PBXFileReference; lastKnownFileType = sourcecode.swift; path = GoalDetailView.swift; sourceTree = "<group>"; };
		C3B92CA229A1681B003A8C74 /* BannerView.swift */ = {isa = PBXFileReference; lastKnownFileType = sourcecode.swift; path = BannerView.swift; sourceTree = "<group>"; };
		C3B92CA729A16858003A8C74 /* AlertBanner.swift */ = {isa = PBXFileReference; lastKnownFileType = sourcecode.swift; path = AlertBanner.swift; sourceTree = "<group>"; };
		C3B92CA929A1689C003A8C74 /* CongratsBanner.swift */ = {isa = PBXFileReference; lastKnownFileType = sourcecode.swift; path = CongratsBanner.swift; sourceTree = "<group>"; };
		C3B92CAB29A168E7003A8C74 /* IntroBanner.swift */ = {isa = PBXFileReference; lastKnownFileType = sourcecode.swift; path = IntroBanner.swift; sourceTree = "<group>"; };
		C3B92CAD29A168F7003A8C74 /* OverviewBanner.swift */ = {isa = PBXFileReference; lastKnownFileType = sourcecode.swift; path = OverviewBanner.swift; sourceTree = "<group>"; };
		C3CB923D29B01C950019AD0A /* GoalListItem.swift */ = {isa = PBXFileReference; lastKnownFileType = sourcecode.swift; path = GoalListItem.swift; sourceTree = "<group>"; };
		C3D82DF829AA7C0D00A3BBB9 /* InspirationalMessage.swift */ = {isa = PBXFileReference; lastKnownFileType = sourcecode.swift; path = InspirationalMessage.swift; sourceTree = "<group>"; };
		C3D82DFB29AC170800A3BBB9 /* GoalHistory.swift */ = {isa = PBXFileReference; lastKnownFileType = sourcecode.swift; path = GoalHistory.swift; sourceTree = "<group>"; };
		C3D82DFD29AC20F100A3BBB9 /* NullableDate.swift */ = {isa = PBXFileReference; lastKnownFileType = sourcecode.swift; path = NullableDate.swift; sourceTree = "<group>"; };
		C3EEAB0D29BD1E5B00A8D6B7 /* GoalStatusController.swift */ = {isa = PBXFileReference; lastKnownFileType = sourcecode.swift; path = GoalStatusController.swift; sourceTree = "<group>"; };
		C3EEAB0F29BD1FEF00A8D6B7 /* PercentGoalStatusController.swift */ = {isa = PBXFileReference; lastKnownFileType = sourcecode.swift; path = PercentGoalStatusController.swift; sourceTree = "<group>"; };
		C3EEAB1129BD1FFE00A8D6B7 /* DefaultGoalStatusController.swift */ = {isa = PBXFileReference; lastKnownFileType = sourcecode.swift; path = DefaultGoalStatusController.swift; sourceTree = "<group>"; };
		C3F1C67B29B41E0F00F0A62B /* GoalType.swift */ = {isa = PBXFileReference; lastKnownFileType = sourcecode.swift; path = GoalType.swift; sourceTree = "<group>"; };
		C3F1C67F29B426DC00F0A62B /* GoalCustomRepeatOptions.swift */ = {isa = PBXFileReference; fileEncoding = 4; lastKnownFileType = sourcecode.swift; path = GoalCustomRepeatOptions.swift; sourceTree = "<group>"; };
/* End PBXFileReference section */

/* Begin PBXFrameworksBuildPhase section */
		C3B92C5D29A0632C003A8C74 /* Frameworks */ = {
			isa = PBXFrameworksBuildPhase;
			buildActionMask = 2147483647;
			files = (
			);
			runOnlyForDeploymentPostprocessing = 0;
		};
		C3B92C6E29A0632D003A8C74 /* Frameworks */ = {
			isa = PBXFrameworksBuildPhase;
			buildActionMask = 2147483647;
			files = (
			);
			runOnlyForDeploymentPostprocessing = 0;
		};
		C3B92C7829A0632D003A8C74 /* Frameworks */ = {
			isa = PBXFrameworksBuildPhase;
			buildActionMask = 2147483647;
			files = (
			);
			runOnlyForDeploymentPostprocessing = 0;
		};
/* End PBXFrameworksBuildPhase section */

/* Begin PBXGroup section */
		C334E5B329A971A700283217 /* Goal */ = {
			isa = PBXGroup;
			children = (
				C3F1C67629B4189500F0A62B /* future-release */,
				C3F1C67829B41A0200F0A62B /* parts */,
				C34D92F829B2AFE2006D979C /* GoalDetailEditView.swift */,
				C372399A29B97D7A0058798D /* GoalUpdateView.swift */,
				C3B92C9E29A167F4003A8C74 /* GoalDetailView.swift */,
				C3B92C9B29A167C6003A8C74 /* GoalListView.swift */,
			);
			path = Goal;
			sourceTree = "<group>";
		};
		C334E5B629A984AC00283217 /* Extensions */ = {
			isa = PBXGroup;
			children = (
				C334E5B729A984BD00283217 /* Image.swift */,
				C334E5B929A9910900283217 /* Shape.swift */,
				C372399C29B9826A0058798D /* OptionalBinding.swift */,
			);
			path = Extensions;
			sourceTree = "<group>";
		};
		C358E2AF29AEC9C100217EBB /* GoalDetailEdit */ = {
			isa = PBXGroup;
			children = (
				C358E2B429AECB4B00217EBB /* GoalDetailEditBasic.swift */,
				C358E2B229AECA3C00217EBB /* GoalDetailEditOptions.swift */,
				C358E2B629AECC4B00217EBB /* GoalDetailEditNotifications.swift */,
				C358E2B829AECC8700217EBB /* GoalDetailEditNotes.swift */,
			);
			path = GoalDetailEdit;
			sourceTree = "<group>";
		};
		C373D08129B036F600117C62 /* GoalDetail */ = {
			isa = PBXGroup;
			children = (
				C373D08229B0379C00117C62 /* GoalDetailIntro.swift */,
				C373D08429B0381000117C62 /* GoalDetailBody.swift */,
			);
			path = GoalDetail;
			sourceTree = "<group>";
		};
		C38C3C4329BC31A30091FDC2 /* Helpers */ = {
			isa = PBXGroup;
			children = (
				C38C3C4429BC31BC0091FDC2 /* GoalStatusHelper.swift */,
			);
			path = Helpers;
			sourceTree = "<group>";
		};
		C3B92C5729A0632C003A8C74 = {
			isa = PBXGroup;
			children = (
				C3B92C6229A0632C003A8C74 /* Coding Goals App */,
				C3B92C7429A0632D003A8C74 /* Coding Goals AppTests */,
				C3B92C7E29A0632D003A8C74 /* Coding Goals AppUITests */,
				C3B92C6129A0632C003A8C74 /* Products */,
			);
			sourceTree = "<group>";
		};
		C3B92C6129A0632C003A8C74 /* Products */ = {
			isa = PBXGroup;
			children = (
				C3B92C6029A0632C003A8C74 /* Coding Goals App.app */,
				C3B92C7129A0632D003A8C74 /* Coding Goals AppTests.xctest */,
				C3B92C7B29A0632D003A8C74 /* Coding Goals AppUITests.xctest */,
			);
			name = Products;
			sourceTree = "<group>";
		};
		C3B92C6229A0632C003A8C74 /* Coding Goals App */ = {
			isa = PBXGroup;
			children = (
				C3EEAB1329BD2D8500A8D6B7 /* Controllers */,
				C38C3C4329BC31A30091FDC2 /* Helpers */,
				C3D82DFA29AA7C1200A3BBB9 /* Services */,
				C334E5B629A984AC00283217 /* Extensions */,
				C3B92C9829A161B1003A8C74 /* Resources */,
				C3B92C8F29A064C8003A8C74 /* Views */,
				C3B92C8E29A064C1003A8C74 /* Model */,
				C3B92C6329A0632C003A8C74 /* Coding_Goals_AppApp.swift */,
				C3B92C6729A0632D003A8C74 /* Assets.xcassets */,
				C3B92C6929A0632D003A8C74 /* Coding_Goals_App.entitlements */,
				C3B92C6A29A0632D003A8C74 /* Preview Content */,
			);
			path = "Coding Goals App";
			sourceTree = "<group>";
		};
		C3B92C6A29A0632D003A8C74 /* Preview Content */ = {
			isa = PBXGroup;
			children = (
				C3B92C6B29A0632D003A8C74 /* Preview Assets.xcassets */,
			);
			path = "Preview Content";
			sourceTree = "<group>";
		};
		C3B92C7429A0632D003A8C74 /* Coding Goals AppTests */ = {
			isa = PBXGroup;
			children = (
				C3B92C7529A0632D003A8C74 /* Coding_Goals_AppTests.swift */,
			);
			path = "Coding Goals AppTests";
			sourceTree = "<group>";
		};
		C3B92C7E29A0632D003A8C74 /* Coding Goals AppUITests */ = {
			isa = PBXGroup;
			children = (
				C3B92C7F29A0632D003A8C74 /* Coding_Goals_AppUITests.swift */,
				C3B92C8129A0632D003A8C74 /* Coding_Goals_AppUITestsLaunchTests.swift */,
			);
			path = "Coding Goals AppUITests";
			sourceTree = "<group>";
		};
		C3B92C8E29A064C1003A8C74 /* Model */ = {
			isa = PBXGroup;
			children = (
				C3D82DFF29AC215500A3BBB9 /* Goal */,
				C3B92C9629A11F50003A8C74 /* DataStore.swift */,
				C38C3C4629BCF0C80091FDC2 /* NullableBool.swift */,
				C3D82DFD29AC20F100A3BBB9 /* NullableDate.swift */,
			);
			path = Model;
			sourceTree = "<group>";
		};
		C3B92C8F29A064C8003A8C74 /* Views */ = {
			isa = PBXGroup;
			children = (
				C334E5B329A971A700283217 /* Goal */,
				C3B92CA629A1683F003A8C74 /* Banners */,
			);
			path = Views;
			sourceTree = "<group>";
		};
		C3B92C9829A161B1003A8C74 /* Resources */ = {
			isa = PBXGroup;
			children = (
				C3B92C9929A161D8003A8C74 /* sampleGoals.json */,
			);
			path = Resources;
			sourceTree = "<group>";
		};
		C3B92CA629A1683F003A8C74 /* Banners */ = {
			isa = PBXGroup;
			children = (
				C3B92CAD29A168F7003A8C74 /* OverviewBanner.swift */,
				C3F1C68129B4280C00F0A62B /* future-release */,
			);
			path = Banners;
			sourceTree = "<group>";
		};
		C3CB923C29B01C550019AD0A /* GoalList */ = {
			isa = PBXGroup;
			children = (
				C3CB923D29B01C950019AD0A /* GoalListItem.swift */,
			);
			path = GoalList;
			sourceTree = "<group>";
		};
		C3D82DFA29AA7C1200A3BBB9 /* Services */ = {
			isa = PBXGroup;
			children = (
				C3D82DF829AA7C0D00A3BBB9 /* InspirationalMessage.swift */,
				C391461E29B8053C00B15340 /* NotificationService.swift */,
			);
			path = Services;
			sourceTree = "<group>";
		};
		C3D82DFF29AC215500A3BBB9 /* Goal */ = {
			isa = PBXGroup;
			children = (
				C3F1C67E29B4229400F0A62B /* future-release */,
				C3B92C9029A06529003A8C74 /* Goal.swift */,
				C3B92C9229A068D8003A8C74 /* GoalRepeat.swift */,
				C3B92C9429A0698B003A8C74 /* GoalNotifications.swift */,
				C3F1C67B29B41E0F00F0A62B /* GoalType.swift */,
				C391462229B81D2700B15340 /* GoalStatus.swift */,
			);
			path = Goal;
			sourceTree = "<group>";
		};
		C3EEAB0C29BD1DE200A8D6B7 /* GoalStatusController */ = {
			isa = PBXGroup;
			children = (
				C3EEAB0D29BD1E5B00A8D6B7 /* GoalStatusController.swift */,
				C3EEAB1129BD1FFE00A8D6B7 /* DefaultGoalStatusController.swift */,
				C3EEAB0F29BD1FEF00A8D6B7 /* PercentGoalStatusController.swift */,
			);
			path = GoalStatusController;
			sourceTree = "<group>";
		};
		C3EEAB1329BD2D8500A8D6B7 /* Controllers */ = {
			isa = PBXGroup;
			children = (
				C3EEAB0C29BD1DE200A8D6B7 /* GoalStatusController */,
			);
			path = Controllers;
			sourceTree = "<group>";
		};
		C3F1C67629B4189500F0A62B /* future-release */ = {
			isa = PBXGroup;
			children = (
				C3D82DFB29AC170800A3BBB9 /* GoalHistory.swift */,
			);
			path = "future-release";
			sourceTree = "<group>";
		};
		C3F1C67829B41A0200F0A62B /* parts */ = {
			isa = PBXGroup;
			children = (
				C358E2AF29AEC9C100217EBB /* GoalDetailEdit */,
				C3CB923C29B01C550019AD0A /* GoalList */,
				C373D08129B036F600117C62 /* GoalDetail */,
			);
			path = parts;
			sourceTree = "<group>";
		};
		C3F1C67E29B4229400F0A62B /* future-release */ = {
			isa = PBXGroup;
			children = (
				C3F1C67F29B426DC00F0A62B /* GoalCustomRepeatOptions.swift */,
			);
			path = "future-release";
			sourceTree = "<group>";
		};
		C3F1C68129B4280C00F0A62B /* future-release */ = {
			isa = PBXGroup;
			children = (
				C3B92CA229A1681B003A8C74 /* BannerView.swift */,
				C3B92CA729A16858003A8C74 /* AlertBanner.swift */,
				C3B92CA929A1689C003A8C74 /* CongratsBanner.swift */,
				C3B92CAB29A168E7003A8C74 /* IntroBanner.swift */,
			);
			path = "future-release";
			sourceTree = "<group>";
		};
/* End PBXGroup section */

/* Begin PBXNativeTarget section */
		C3B92C5F29A0632C003A8C74 /* Coding Goals App */ = {
			isa = PBXNativeTarget;
			buildConfigurationList = C3B92C8529A0632D003A8C74 /* Build configuration list for PBXNativeTarget "Coding Goals App" */;
			buildPhases = (
				C3B92C5C29A0632C003A8C74 /* Sources */,
				C3B92C5D29A0632C003A8C74 /* Frameworks */,
				C3B92C5E29A0632C003A8C74 /* Resources */,
			);
			buildRules = (
			);
			dependencies = (
			);
			name = "Coding Goals App";
			productName = "Coding Goals App";
			productReference = C3B92C6029A0632C003A8C74 /* Coding Goals App.app */;
			productType = "com.apple.product-type.application";
		};
		C3B92C7029A0632D003A8C74 /* Coding Goals AppTests */ = {
			isa = PBXNativeTarget;
			buildConfigurationList = C3B92C8829A0632D003A8C74 /* Build configuration list for PBXNativeTarget "Coding Goals AppTests" */;
			buildPhases = (
				C3B92C6D29A0632D003A8C74 /* Sources */,
				C3B92C6E29A0632D003A8C74 /* Frameworks */,
				C3B92C6F29A0632D003A8C74 /* Resources */,
			);
			buildRules = (
			);
			dependencies = (
				C3B92C7329A0632D003A8C74 /* PBXTargetDependency */,
			);
			name = "Coding Goals AppTests";
			productName = "Coding Goals AppTests";
			productReference = C3B92C7129A0632D003A8C74 /* Coding Goals AppTests.xctest */;
			productType = "com.apple.product-type.bundle.unit-test";
		};
		C3B92C7A29A0632D003A8C74 /* Coding Goals AppUITests */ = {
			isa = PBXNativeTarget;
			buildConfigurationList = C3B92C8B29A0632D003A8C74 /* Build configuration list for PBXNativeTarget "Coding Goals AppUITests" */;
			buildPhases = (
				C3B92C7729A0632D003A8C74 /* Sources */,
				C3B92C7829A0632D003A8C74 /* Frameworks */,
				C3B92C7929A0632D003A8C74 /* Resources */,
			);
			buildRules = (
			);
			dependencies = (
				C3B92C7D29A0632D003A8C74 /* PBXTargetDependency */,
			);
			name = "Coding Goals AppUITests";
			productName = "Coding Goals AppUITests";
			productReference = C3B92C7B29A0632D003A8C74 /* Coding Goals AppUITests.xctest */;
			productType = "com.apple.product-type.bundle.ui-testing";
		};
/* End PBXNativeTarget section */

/* Begin PBXProject section */
		C3B92C5829A0632C003A8C74 /* Project object */ = {
			isa = PBXProject;
			attributes = {
				BuildIndependentTargetsInParallel = 1;
				LastSwiftUpdateCheck = 1420;
				LastUpgradeCheck = 1420;
				TargetAttributes = {
					C3B92C5F29A0632C003A8C74 = {
						CreatedOnToolsVersion = 14.2;
					};
					C3B92C7029A0632D003A8C74 = {
						CreatedOnToolsVersion = 14.2;
						TestTargetID = C3B92C5F29A0632C003A8C74;
					};
					C3B92C7A29A0632D003A8C74 = {
						CreatedOnToolsVersion = 14.2;
						TestTargetID = C3B92C5F29A0632C003A8C74;
					};
				};
			};
			buildConfigurationList = C3B92C5B29A0632C003A8C74 /* Build configuration list for PBXProject "Coding Goals App" */;
			compatibilityVersion = "Xcode 14.0";
			developmentRegion = en;
			hasScannedForEncodings = 0;
			knownRegions = (
				en,
				Base,
			);
			mainGroup = C3B92C5729A0632C003A8C74;
			productRefGroup = C3B92C6129A0632C003A8C74 /* Products */;
			projectDirPath = "";
			projectRoot = "";
			targets = (
				C3B92C5F29A0632C003A8C74 /* Coding Goals App */,
				C3B92C7029A0632D003A8C74 /* Coding Goals AppTests */,
				C3B92C7A29A0632D003A8C74 /* Coding Goals AppUITests */,
			);
		};
/* End PBXProject section */

/* Begin PBXResourcesBuildPhase section */
		C3B92C5E29A0632C003A8C74 /* Resources */ = {
			isa = PBXResourcesBuildPhase;
			buildActionMask = 2147483647;
			files = (
				C3B92C9A29A161D8003A8C74 /* sampleGoals.json in Resources */,
				C3B92C6829A0632D003A8C74 /* Assets.xcassets in Resources */,
			);
			runOnlyForDeploymentPostprocessing = 0;
		};
		C3B92C6F29A0632D003A8C74 /* Resources */ = {
			isa = PBXResourcesBuildPhase;
			buildActionMask = 2147483647;
			files = (
			);
			runOnlyForDeploymentPostprocessing = 0;
		};
		C3B92C7929A0632D003A8C74 /* Resources */ = {
			isa = PBXResourcesBuildPhase;
			buildActionMask = 2147483647;
			files = (
			);
			runOnlyForDeploymentPostprocessing = 0;
		};
/* End PBXResourcesBuildPhase section */

/* Begin PBXSourcesBuildPhase section */
		C3B92C5C29A0632C003A8C74 /* Sources */ = {
			isa = PBXSourcesBuildPhase;
			buildActionMask = 2147483647;
			files = (
				C391462329B81D2700B15340 /* GoalStatus.swift in Sources */,
				C372399D29B9826A0058798D /* OptionalBinding.swift in Sources */,
				C3B92C9F29A167F4003A8C74 /* GoalDetailView.swift in Sources */,
				C3F1C68029B426DC00F0A62B /* GoalCustomRepeatOptions.swift in Sources */,
				C3B92CAC29A168E7003A8C74 /* IntroBanner.swift in Sources */,
				C34D92F929B2AFE2006D979C /* GoalDetailEditView.swift in Sources */,
				C3B92C9C29A167C6003A8C74 /* GoalListView.swift in Sources */,
				C3B92C9729A11F50003A8C74 /* DataStore.swift in Sources */,
				C38C3C4729BCF0C80091FDC2 /* NullableBool.swift in Sources */,
				C334E5BA29A9910A00283217 /* Shape.swift in Sources */,
				C3B92CA829A16858003A8C74 /* AlertBanner.swift in Sources */,
				C358E2B329AECA3C00217EBB /* GoalDetailEditOptions.swift in Sources */,
				C3EEAB1229BD1FFE00A8D6B7 /* DefaultGoalStatusController.swift in Sources */,
				C372399B29B97D7A0058798D /* GoalUpdateView.swift in Sources */,
				C3B92CA329A1681B003A8C74 /* BannerView.swift in Sources */,
				C3EEAB1029BD1FEF00A8D6B7 /* PercentGoalStatusController.swift in Sources */,
				C358E2B529AECB4B00217EBB /* GoalDetailEditBasic.swift in Sources */,
				C3B92C9129A06529003A8C74 /* Goal.swift in Sources */,
				C334E5B829A984BD00283217 /* Image.swift in Sources */,
				C3B92C6429A0632C003A8C74 /* Coding_Goals_AppApp.swift in Sources */,
				C3B92CAA29A1689C003A8C74 /* CongratsBanner.swift in Sources */,
				C3D82DFC29AC170800A3BBB9 /* GoalHistory.swift in Sources */,
				C3B92CAE29A168F7003A8C74 /* OverviewBanner.swift in Sources */,
				C3EEAB0E29BD1E5B00A8D6B7 /* GoalStatusController.swift in Sources */,
				C373D08529B0381000117C62 /* GoalDetailBody.swift in Sources */,
				C3CB923E29B01C950019AD0A /* GoalListItem.swift in Sources */,
				C3B92C9529A0698B003A8C74 /* GoalNotifications.swift in Sources */,
				C358E2B729AECC4B00217EBB /* GoalDetailEditNotifications.swift in Sources */,
				C3D82DFE29AC20F100A3BBB9 /* NullableDate.swift in Sources */,
				C3B92C9329A068D8003A8C74 /* GoalRepeat.swift in Sources */,
				C3F1C67C29B41E0F00F0A62B /* GoalType.swift in Sources */,
				C358E2B929AECC8700217EBB /* GoalDetailEditNotes.swift in Sources */,
				C373D08329B0379C00117C62 /* GoalDetailIntro.swift in Sources */,
				C38C3C4529BC31BC0091FDC2 /* GoalStatusHelper.swift in Sources */,
				C3D82DF929AA7C0D00A3BBB9 /* InspirationalMessage.swift in Sources */,
			);
			runOnlyForDeploymentPostprocessing = 0;
		};
		C3B92C6D29A0632D003A8C74 /* Sources */ = {
			isa = PBXSourcesBuildPhase;
			buildActionMask = 2147483647;
			files = (
				C3B92C7629A0632D003A8C74 /* Coding_Goals_AppTests.swift in Sources */,
			);
			runOnlyForDeploymentPostprocessing = 0;
		};
		C3B92C7729A0632D003A8C74 /* Sources */ = {
			isa = PBXSourcesBuildPhase;
			buildActionMask = 2147483647;
			files = (
				C3B92C8029A0632D003A8C74 /* Coding_Goals_AppUITests.swift in Sources */,
				C3B92C8229A0632D003A8C74 /* Coding_Goals_AppUITestsLaunchTests.swift in Sources */,
			);
			runOnlyForDeploymentPostprocessing = 0;
		};
/* End PBXSourcesBuildPhase section */

/* Begin PBXTargetDependency section */
		C3B92C7329A0632D003A8C74 /* PBXTargetDependency */ = {
			isa = PBXTargetDependency;
			target = C3B92C5F29A0632C003A8C74 /* Coding Goals App */;
			targetProxy = C3B92C7229A0632D003A8C74 /* PBXContainerItemProxy */;
		};
		C3B92C7D29A0632D003A8C74 /* PBXTargetDependency */ = {
			isa = PBXTargetDependency;
			target = C3B92C5F29A0632C003A8C74 /* Coding Goals App */;
			targetProxy = C3B92C7C29A0632D003A8C74 /* PBXContainerItemProxy */;
		};
/* End PBXTargetDependency section */

/* Begin XCBuildConfiguration section */
		C3B92C8329A0632D003A8C74 /* Debug */ = {
			isa = XCBuildConfiguration;
			buildSettings = {
				ALWAYS_SEARCH_USER_PATHS = NO;
				CLANG_ANALYZER_NONNULL = YES;
				CLANG_ANALYZER_NUMBER_OBJECT_CONVERSION = YES_AGGRESSIVE;
				CLANG_CXX_LANGUAGE_STANDARD = "gnu++20";
				CLANG_ENABLE_MODULES = YES;
				CLANG_ENABLE_OBJC_ARC = YES;
				CLANG_ENABLE_OBJC_WEAK = YES;
				CLANG_WARN_BLOCK_CAPTURE_AUTORELEASING = YES;
				CLANG_WARN_BOOL_CONVERSION = YES;
				CLANG_WARN_COMMA = YES;
				CLANG_WARN_CONSTANT_CONVERSION = YES;
				CLANG_WARN_DEPRECATED_OBJC_IMPLEMENTATIONS = YES;
				CLANG_WARN_DIRECT_OBJC_ISA_USAGE = YES_ERROR;
				CLANG_WARN_DOCUMENTATION_COMMENTS = YES;
				CLANG_WARN_EMPTY_BODY = YES;
				CLANG_WARN_ENUM_CONVERSION = YES;
				CLANG_WARN_INFINITE_RECURSION = YES;
				CLANG_WARN_INT_CONVERSION = YES;
				CLANG_WARN_NON_LITERAL_NULL_CONVERSION = YES;
				CLANG_WARN_OBJC_IMPLICIT_RETAIN_SELF = YES;
				CLANG_WARN_OBJC_LITERAL_CONVERSION = YES;
				CLANG_WARN_OBJC_ROOT_CLASS = YES_ERROR;
				CLANG_WARN_QUOTED_INCLUDE_IN_FRAMEWORK_HEADER = YES;
				CLANG_WARN_RANGE_LOOP_ANALYSIS = YES;
				CLANG_WARN_STRICT_PROTOTYPES = YES;
				CLANG_WARN_SUSPICIOUS_MOVE = YES;
				CLANG_WARN_UNGUARDED_AVAILABILITY = YES_AGGRESSIVE;
				CLANG_WARN_UNREACHABLE_CODE = YES;
				CLANG_WARN__DUPLICATE_METHOD_MATCH = YES;
				COPY_PHASE_STRIP = NO;
				DEBUG_INFORMATION_FORMAT = dwarf;
				ENABLE_STRICT_OBJC_MSGSEND = YES;
				ENABLE_TESTABILITY = YES;
				GCC_C_LANGUAGE_STANDARD = gnu11;
				GCC_DYNAMIC_NO_PIC = NO;
				GCC_NO_COMMON_BLOCKS = YES;
				GCC_OPTIMIZATION_LEVEL = 0;
				GCC_PREPROCESSOR_DEFINITIONS = (
					"DEBUG=1",
					"$(inherited)",
				);
				GCC_WARN_64_TO_32_BIT_CONVERSION = YES;
				GCC_WARN_ABOUT_RETURN_TYPE = YES_ERROR;
				GCC_WARN_UNDECLARED_SELECTOR = YES;
				GCC_WARN_UNINITIALIZED_AUTOS = YES_AGGRESSIVE;
				GCC_WARN_UNUSED_FUNCTION = YES;
				GCC_WARN_UNUSED_VARIABLE = YES;
				MTL_ENABLE_DEBUG_INFO = INCLUDE_SOURCE;
				MTL_FAST_MATH = YES;
				ONLY_ACTIVE_ARCH = YES;
				SWIFT_ACTIVE_COMPILATION_CONDITIONS = DEBUG;
				SWIFT_OPTIMIZATION_LEVEL = "-Onone";
			};
			name = Debug;
		};
		C3B92C8429A0632D003A8C74 /* Release */ = {
			isa = XCBuildConfiguration;
			buildSettings = {
				ALWAYS_SEARCH_USER_PATHS = NO;
				CLANG_ANALYZER_NONNULL = YES;
				CLANG_ANALYZER_NUMBER_OBJECT_CONVERSION = YES_AGGRESSIVE;
				CLANG_CXX_LANGUAGE_STANDARD = "gnu++20";
				CLANG_ENABLE_MODULES = YES;
				CLANG_ENABLE_OBJC_ARC = YES;
				CLANG_ENABLE_OBJC_WEAK = YES;
				CLANG_WARN_BLOCK_CAPTURE_AUTORELEASING = YES;
				CLANG_WARN_BOOL_CONVERSION = YES;
				CLANG_WARN_COMMA = YES;
				CLANG_WARN_CONSTANT_CONVERSION = YES;
				CLANG_WARN_DEPRECATED_OBJC_IMPLEMENTATIONS = YES;
				CLANG_WARN_DIRECT_OBJC_ISA_USAGE = YES_ERROR;
				CLANG_WARN_DOCUMENTATION_COMMENTS = YES;
				CLANG_WARN_EMPTY_BODY = YES;
				CLANG_WARN_ENUM_CONVERSION = YES;
				CLANG_WARN_INFINITE_RECURSION = YES;
				CLANG_WARN_INT_CONVERSION = YES;
				CLANG_WARN_NON_LITERAL_NULL_CONVERSION = YES;
				CLANG_WARN_OBJC_IMPLICIT_RETAIN_SELF = YES;
				CLANG_WARN_OBJC_LITERAL_CONVERSION = YES;
				CLANG_WARN_OBJC_ROOT_CLASS = YES_ERROR;
				CLANG_WARN_QUOTED_INCLUDE_IN_FRAMEWORK_HEADER = YES;
				CLANG_WARN_RANGE_LOOP_ANALYSIS = YES;
				CLANG_WARN_STRICT_PROTOTYPES = YES;
				CLANG_WARN_SUSPICIOUS_MOVE = YES;
				CLANG_WARN_UNGUARDED_AVAILABILITY = YES_AGGRESSIVE;
				CLANG_WARN_UNREACHABLE_CODE = YES;
				CLANG_WARN__DUPLICATE_METHOD_MATCH = YES;
				COPY_PHASE_STRIP = NO;
				DEBUG_INFORMATION_FORMAT = "dwarf-with-dsym";
				ENABLE_NS_ASSERTIONS = NO;
				ENABLE_STRICT_OBJC_MSGSEND = YES;
				GCC_C_LANGUAGE_STANDARD = gnu11;
				GCC_NO_COMMON_BLOCKS = YES;
				GCC_WARN_64_TO_32_BIT_CONVERSION = YES;
				GCC_WARN_ABOUT_RETURN_TYPE = YES_ERROR;
				GCC_WARN_UNDECLARED_SELECTOR = YES;
				GCC_WARN_UNINITIALIZED_AUTOS = YES_AGGRESSIVE;
				GCC_WARN_UNUSED_FUNCTION = YES;
				GCC_WARN_UNUSED_VARIABLE = YES;
				MTL_ENABLE_DEBUG_INFO = NO;
				MTL_FAST_MATH = YES;
				SWIFT_COMPILATION_MODE = wholemodule;
				SWIFT_OPTIMIZATION_LEVEL = "-O";
			};
			name = Release;
		};
		C3B92C8629A0632D003A8C74 /* Debug */ = {
			isa = XCBuildConfiguration;
			buildSettings = {
				ASSETCATALOG_COMPILER_APPICON_NAME = AppIcon;
				ASSETCATALOG_COMPILER_GLOBAL_ACCENT_COLOR_NAME = AccentColor;
				ASSETCATALOG_COMPILER_INCLUDE_ALL_APPICON_ASSETS = YES;
				CODE_SIGN_ENTITLEMENTS = "Coding Goals App/Coding_Goals_App.entitlements";
				CODE_SIGN_STYLE = Automatic;
				CURRENT_PROJECT_VERSION = 1;
				DEVELOPMENT_ASSET_PATHS = "\"Coding Goals App/Preview Content\"";
				DEVELOPMENT_TEAM = 8H9FWM9GMB;
				ENABLE_HARDENED_RUNTIME = YES;
				ENABLE_PREVIEWS = YES;
				GENERATE_INFOPLIST_FILE = YES;
				INFOPLIST_KEY_CFBundleDisplayName = "Coding Goals";
				"INFOPLIST_KEY_UIApplicationSceneManifest_Generation[sdk=iphoneos*]" = YES;
				"INFOPLIST_KEY_UIApplicationSceneManifest_Generation[sdk=iphonesimulator*]" = YES;
				"INFOPLIST_KEY_UIApplicationSupportsIndirectInputEvents[sdk=iphoneos*]" = YES;
				"INFOPLIST_KEY_UIApplicationSupportsIndirectInputEvents[sdk=iphonesimulator*]" = YES;
				"INFOPLIST_KEY_UILaunchScreen_Generation[sdk=iphoneos*]" = YES;
				"INFOPLIST_KEY_UILaunchScreen_Generation[sdk=iphonesimulator*]" = YES;
				"INFOPLIST_KEY_UIStatusBarStyle[sdk=iphoneos*]" = UIStatusBarStyleDefault;
				"INFOPLIST_KEY_UIStatusBarStyle[sdk=iphonesimulator*]" = UIStatusBarStyleDefault;
				INFOPLIST_KEY_UISupportedInterfaceOrientations_iPad = "UIInterfaceOrientationPortrait UIInterfaceOrientationPortraitUpsideDown UIInterfaceOrientationLandscapeLeft UIInterfaceOrientationLandscapeRight";
				INFOPLIST_KEY_UISupportedInterfaceOrientations_iPhone = "UIInterfaceOrientationPortrait UIInterfaceOrientationLandscapeLeft UIInterfaceOrientationLandscapeRight";
				IPHONEOS_DEPLOYMENT_TARGET = 16.2;
				LD_RUNPATH_SEARCH_PATHS = "@executable_path/Frameworks";
				"LD_RUNPATH_SEARCH_PATHS[sdk=macosx*]" = "@executable_path/../Frameworks";
				MACOSX_DEPLOYMENT_TARGET = 13.1;
				MARKETING_VERSION = 1.0;
				PRODUCT_BUNDLE_IDENTIFIER = "com.chriscentrella.Coding-Goals-App";
				PRODUCT_NAME = "$(TARGET_NAME)";
				SDKROOT = auto;
				SUPPORTED_PLATFORMS = "iphoneos iphonesimulator macosx";
				SWIFT_EMIT_LOC_STRINGS = YES;
				SWIFT_VERSION = 5.0;
				TARGETED_DEVICE_FAMILY = "1,2";
			};
			name = Debug;
		};
		C3B92C8729A0632D003A8C74 /* Release */ = {
			isa = XCBuildConfiguration;
			buildSettings = {
				ASSETCATALOG_COMPILER_APPICON_NAME = AppIcon;
				ASSETCATALOG_COMPILER_GLOBAL_ACCENT_COLOR_NAME = AccentColor;
				ASSETCATALOG_COMPILER_INCLUDE_ALL_APPICON_ASSETS = YES;
				CODE_SIGN_ENTITLEMENTS = "Coding Goals App/Coding_Goals_App.entitlements";
				CODE_SIGN_STYLE = Automatic;
				CURRENT_PROJECT_VERSION = 1;
				DEVELOPMENT_ASSET_PATHS = "\"Coding Goals App/Preview Content\"";
				DEVELOPMENT_TEAM = 8H9FWM9GMB;
				ENABLE_HARDENED_RUNTIME = YES;
				ENABLE_PREVIEWS = YES;
				GENERATE_INFOPLIST_FILE = YES;
				INFOPLIST_KEY_CFBundleDisplayName = "Coding Goals";
				"INFOPLIST_KEY_UIApplicationSceneManifest_Generation[sdk=iphoneos*]" = YES;
				"INFOPLIST_KEY_UIApplicationSceneManifest_Generation[sdk=iphonesimulator*]" = YES;
				"INFOPLIST_KEY_UIApplicationSupportsIndirectInputEvents[sdk=iphoneos*]" = YES;
				"INFOPLIST_KEY_UIApplicationSupportsIndirectInputEvents[sdk=iphonesimulator*]" = YES;
				"INFOPLIST_KEY_UILaunchScreen_Generation[sdk=iphoneos*]" = YES;
				"INFOPLIST_KEY_UILaunchScreen_Generation[sdk=iphonesimulator*]" = YES;
				"INFOPLIST_KEY_UIStatusBarStyle[sdk=iphoneos*]" = UIStatusBarStyleDefault;
				"INFOPLIST_KEY_UIStatusBarStyle[sdk=iphonesimulator*]" = UIStatusBarStyleDefault;
				INFOPLIST_KEY_UISupportedInterfaceOrientations_iPad = "UIInterfaceOrientationPortrait UIInterfaceOrientationPortraitUpsideDown UIInterfaceOrientationLandscapeLeft UIInterfaceOrientationLandscapeRight";
				INFOPLIST_KEY_UISupportedInterfaceOrientations_iPhone = "UIInterfaceOrientationPortrait UIInterfaceOrientationLandscapeLeft UIInterfaceOrientationLandscapeRight";
				IPHONEOS_DEPLOYMENT_TARGET = 16.2;
				LD_RUNPATH_SEARCH_PATHS = "@executable_path/Frameworks";
				"LD_RUNPATH_SEARCH_PATHS[sdk=macosx*]" = "@executable_path/../Frameworks";
				MACOSX_DEPLOYMENT_TARGET = 13.1;
				MARKETING_VERSION = 1.0;
				PRODUCT_BUNDLE_IDENTIFIER = "com.chriscentrella.Coding-Goals-App";
				PRODUCT_NAME = "$(TARGET_NAME)";
				SDKROOT = auto;
				SUPPORTED_PLATFORMS = "iphoneos iphonesimulator macosx";
				SWIFT_EMIT_LOC_STRINGS = YES;
				SWIFT_VERSION = 5.0;
				TARGETED_DEVICE_FAMILY = "1,2";
			};
			name = Release;
		};
		C3B92C8929A0632D003A8C74 /* Debug */ = {
			isa = XCBuildConfiguration;
			buildSettings = {
				ALWAYS_EMBED_SWIFT_STANDARD_LIBRARIES = YES;
				BUNDLE_LOADER = "$(TEST_HOST)";
				CODE_SIGN_STYLE = Automatic;
				CURRENT_PROJECT_VERSION = 1;
				DEVELOPMENT_TEAM = 8H9FWM9GMB;
				GENERATE_INFOPLIST_FILE = YES;
				IPHONEOS_DEPLOYMENT_TARGET = 16.2;
				MACOSX_DEPLOYMENT_TARGET = 13.1;
				MARKETING_VERSION = 1.0;
				PRODUCT_BUNDLE_IDENTIFIER = "com.chriscentrella.Coding-Goals-AppTests";
				PRODUCT_NAME = "$(TARGET_NAME)";
				SDKROOT = auto;
				SUPPORTED_PLATFORMS = "iphoneos iphonesimulator macosx";
				SWIFT_EMIT_LOC_STRINGS = NO;
				SWIFT_VERSION = 5.0;
				TARGETED_DEVICE_FAMILY = "1,2";
				TEST_HOST = "$(BUILT_PRODUCTS_DIR)/Coding Goals App.app/$(BUNDLE_EXECUTABLE_FOLDER_PATH)/Coding Goals App";
			};
			name = Debug;
		};
		C3B92C8A29A0632D003A8C74 /* Release */ = {
			isa = XCBuildConfiguration;
			buildSettings = {
				ALWAYS_EMBED_SWIFT_STANDARD_LIBRARIES = YES;
				BUNDLE_LOADER = "$(TEST_HOST)";
				CODE_SIGN_STYLE = Automatic;
				CURRENT_PROJECT_VERSION = 1;
				DEVELOPMENT_TEAM = 8H9FWM9GMB;
				GENERATE_INFOPLIST_FILE = YES;
				IPHONEOS_DEPLOYMENT_TARGET = 16.2;
				MACOSX_DEPLOYMENT_TARGET = 13.1;
				MARKETING_VERSION = 1.0;
				PRODUCT_BUNDLE_IDENTIFIER = "com.chriscentrella.Coding-Goals-AppTests";
				PRODUCT_NAME = "$(TARGET_NAME)";
				SDKROOT = auto;
				SUPPORTED_PLATFORMS = "iphoneos iphonesimulator macosx";
				SWIFT_EMIT_LOC_STRINGS = NO;
				SWIFT_VERSION = 5.0;
				TARGETED_DEVICE_FAMILY = "1,2";
				TEST_HOST = "$(BUILT_PRODUCTS_DIR)/Coding Goals App.app/$(BUNDLE_EXECUTABLE_FOLDER_PATH)/Coding Goals App";
			};
			name = Release;
		};
		C3B92C8C29A0632D003A8C74 /* Debug */ = {
			isa = XCBuildConfiguration;
			buildSettings = {
				ALWAYS_EMBED_SWIFT_STANDARD_LIBRARIES = YES;
				CODE_SIGN_STYLE = Automatic;
				CURRENT_PROJECT_VERSION = 1;
				DEVELOPMENT_TEAM = 8H9FWM9GMB;
				GENERATE_INFOPLIST_FILE = YES;
				IPHONEOS_DEPLOYMENT_TARGET = 16.2;
				MACOSX_DEPLOYMENT_TARGET = 13.1;
				MARKETING_VERSION = 1.0;
				PRODUCT_BUNDLE_IDENTIFIER = "com.chriscentrella.Coding-Goals-AppUITests";
				PRODUCT_NAME = "$(TARGET_NAME)";
				SDKROOT = auto;
				SUPPORTED_PLATFORMS = "iphoneos iphonesimulator macosx";
				SWIFT_EMIT_LOC_STRINGS = NO;
				SWIFT_VERSION = 5.0;
				TARGETED_DEVICE_FAMILY = "1,2";
				TEST_TARGET_NAME = "Coding Goals App";
			};
			name = Debug;
		};
		C3B92C8D29A0632D003A8C74 /* Release */ = {
			isa = XCBuildConfiguration;
			buildSettings = {
				ALWAYS_EMBED_SWIFT_STANDARD_LIBRARIES = YES;
				CODE_SIGN_STYLE = Automatic;
				CURRENT_PROJECT_VERSION = 1;
				DEVELOPMENT_TEAM = 8H9FWM9GMB;
				GENERATE_INFOPLIST_FILE = YES;
				IPHONEOS_DEPLOYMENT_TARGET = 16.2;
				MACOSX_DEPLOYMENT_TARGET = 13.1;
				MARKETING_VERSION = 1.0;
				PRODUCT_BUNDLE_IDENTIFIER = "com.chriscentrella.Coding-Goals-AppUITests";
				PRODUCT_NAME = "$(TARGET_NAME)";
				SDKROOT = auto;
				SUPPORTED_PLATFORMS = "iphoneos iphonesimulator macosx";
				SWIFT_EMIT_LOC_STRINGS = NO;
				SWIFT_VERSION = 5.0;
				TARGETED_DEVICE_FAMILY = "1,2";
				TEST_TARGET_NAME = "Coding Goals App";
			};
			name = Release;
		};
/* End XCBuildConfiguration section */

/* Begin XCConfigurationList section */
		C3B92C5B29A0632C003A8C74 /* Build configuration list for PBXProject "Coding Goals App" */ = {
			isa = XCConfigurationList;
			buildConfigurations = (
				C3B92C8329A0632D003A8C74 /* Debug */,
				C3B92C8429A0632D003A8C74 /* Release */,
			);
			defaultConfigurationIsVisible = 0;
			defaultConfigurationName = Release;
		};
		C3B92C8529A0632D003A8C74 /* Build configuration list for PBXNativeTarget "Coding Goals App" */ = {
			isa = XCConfigurationList;
			buildConfigurations = (
				C3B92C8629A0632D003A8C74 /* Debug */,
				C3B92C8729A0632D003A8C74 /* Release */,
			);
			defaultConfigurationIsVisible = 0;
			defaultConfigurationName = Release;
		};
		C3B92C8829A0632D003A8C74 /* Build configuration list for PBXNativeTarget "Coding Goals AppTests" */ = {
			isa = XCConfigurationList;
			buildConfigurations = (
				C3B92C8929A0632D003A8C74 /* Debug */,
				C3B92C8A29A0632D003A8C74 /* Release */,
			);
			defaultConfigurationIsVisible = 0;
			defaultConfigurationName = Release;
		};
		C3B92C8B29A0632D003A8C74 /* Build configuration list for PBXNativeTarget "Coding Goals AppUITests" */ = {
			isa = XCConfigurationList;
			buildConfigurations = (
				C3B92C8C29A0632D003A8C74 /* Debug */,
				C3B92C8D29A0632D003A8C74 /* Release */,
			);
			defaultConfigurationIsVisible = 0;
			defaultConfigurationName = Release;
		};
/* End XCConfigurationList section */
	};
	rootObject = C3B92C5829A0632C003A8C74 /* Project object */;
}
