// !$*UTF8*$!
{
	archiveVersion = 1;
	classes = {
	};
	objectVersion = 56;
	objects = {

/* Begin PBXBuildFile section */
		C30962EC29BD7ADB0005FD3B /* StringExtension.swift in Sources */ = {isa = PBXBuildFile; fileRef = C30962EB29BD7ADB0005FD3B /* StringExtension.swift */; };
		C30F36E32A646DD80098113C /* GetGoalStatus.swift in Sources */ = {isa = PBXBuildFile; fileRef = C30F36E22A646DD80098113C /* GetGoalStatus.swift */; };
		C32B689329D6746B00E4BBB5 /* NotificationService.swift in Sources */ = {isa = PBXBuildFile; fileRef = C32B689229D6746B00E4BBB5 /* NotificationService.swift */; };
		C334E5B829A984BD00283217 /* ImageExtension.swift in Sources */ = {isa = PBXBuildFile; fileRef = C334E5B729A984BD00283217 /* ImageExtension.swift */; };
		C334E5BA29A9910A00283217 /* ShapeExtension.swift in Sources */ = {isa = PBXBuildFile; fileRef = C334E5B929A9910900283217 /* ShapeExtension.swift */; };
		C343D3DF2A631EC900BB1813 /* GoalListAlert.swift in Sources */ = {isa = PBXBuildFile; fileRef = C343D3DE2A631EC900BB1813 /* GoalListAlert.swift */; };
		C343D3E32A631F7400BB1813 /* GoalListTodo.swift in Sources */ = {isa = PBXBuildFile; fileRef = C343D3E22A631F7400BB1813 /* GoalListTodo.swift */; };
		C343D3E52A6320D800BB1813 /* GoalList.swift in Sources */ = {isa = PBXBuildFile; fileRef = C343D3E42A6320D800BB1813 /* GoalList.swift */; };
		C343D3E72A6345AA00BB1813 /* GoalListCompleted.swift in Sources */ = {isa = PBXBuildFile; fileRef = C343D3E62A6345AA00BB1813 /* GoalListCompleted.swift */; };
		C343D3E92A63519A00BB1813 /* GoalStatus.swift in Sources */ = {isa = PBXBuildFile; fileRef = C343D3E82A63519A00BB1813 /* GoalStatus.swift */; };
		C34D92F929B2AFE2006D979C /* GoalDetailEditView.swift in Sources */ = {isa = PBXBuildFile; fileRef = C34D92F829B2AFE2006D979C /* GoalDetailEditView.swift */; };
		C358E2B329AECA3C00217EBB /* GoalDetailEditOptions.swift in Sources */ = {isa = PBXBuildFile; fileRef = C358E2B229AECA3C00217EBB /* GoalDetailEditOptions.swift */; };
		C358E2B529AECB4B00217EBB /* GoalDetailEditBasic.swift in Sources */ = {isa = PBXBuildFile; fileRef = C358E2B429AECB4B00217EBB /* GoalDetailEditBasic.swift */; };
		C358E2B729AECC4B00217EBB /* GoalDetailEditNotifications.swift in Sources */ = {isa = PBXBuildFile; fileRef = C358E2B629AECC4B00217EBB /* GoalDetailEditNotifications.swift */; };
		C358E2B929AECC8700217EBB /* GoalDetailEditNotes.swift in Sources */ = {isa = PBXBuildFile; fileRef = C358E2B829AECC8700217EBB /* GoalDetailEditNotes.swift */; };
		C369DD122A60F0280011EDD5 /* EditGoalData.swift in Sources */ = {isa = PBXBuildFile; fileRef = C369DD112A60F0280011EDD5 /* EditGoalData.swift */; };
		C369DD142A610A520011EDD5 /* EnvironmentValues.swift in Sources */ = {isa = PBXBuildFile; fileRef = C369DD132A610A520011EDD5 /* EnvironmentValues.swift */; };
		C372399B29B97D7A0058798D /* GoalUpdateView.swift in Sources */ = {isa = PBXBuildFile; fileRef = C372399A29B97D7A0058798D /* GoalUpdateView.swift */; };
		C373D08329B0379C00117C62 /* GoalDetailIntro.swift in Sources */ = {isa = PBXBuildFile; fileRef = C373D08229B0379C00117C62 /* GoalDetailIntro.swift */; };
		C373D08529B0381000117C62 /* GoalDetailBody.swift in Sources */ = {isa = PBXBuildFile; fileRef = C373D08429B0381000117C62 /* GoalDetailBody.swift */; };
		C37725C42A646C01006F2FDA /* GetGoalStatus.swift in Sources */ = {isa = PBXBuildFile; fileRef = C37725C02A646B02006F2FDA /* GetGoalStatus.swift */; };
		C391462329B81D2700B15340 /* GoalProgress.swift in Sources */ = {isa = PBXBuildFile; fileRef = C391462229B81D2700B15340 /* GoalProgress.swift */; };
		C3B92C6429A0632C003A8C74 /* CodingGoalsApp.swift in Sources */ = {isa = PBXBuildFile; fileRef = C3B92C6329A0632C003A8C74 /* CodingGoalsApp.swift */; };
		C3B92C6829A0632D003A8C74 /* Assets.xcassets in Resources */ = {isa = PBXBuildFile; fileRef = C3B92C6729A0632D003A8C74 /* Assets.xcassets */; };
		C3B92C9129A06529003A8C74 /* Goal.swift in Sources */ = {isa = PBXBuildFile; fileRef = C3B92C9029A06529003A8C74 /* Goal.swift */; };
		C3B92C9329A068D8003A8C74 /* GoalRepeat.swift in Sources */ = {isa = PBXBuildFile; fileRef = C3B92C9229A068D8003A8C74 /* GoalRepeat.swift */; };
		C3B92C9529A0698B003A8C74 /* GoalNotifications.swift in Sources */ = {isa = PBXBuildFile; fileRef = C3B92C9429A0698B003A8C74 /* GoalNotifications.swift */; };
		C3B92C9729A11F50003A8C74 /* DataStore.swift in Sources */ = {isa = PBXBuildFile; fileRef = C3B92C9629A11F50003A8C74 /* DataStore.swift */; };
		C3B92C9A29A161D8003A8C74 /* sampleGoals.json in Resources */ = {isa = PBXBuildFile; fileRef = C3B92C9929A161D8003A8C74 /* sampleGoals.json */; };
		C3B92C9C29A167C6003A8C74 /* GoalListView.swift in Sources */ = {isa = PBXBuildFile; fileRef = C3B92C9B29A167C6003A8C74 /* GoalListView.swift */; };
		C3B92C9F29A167F4003A8C74 /* GoalDetailView.swift in Sources */ = {isa = PBXBuildFile; fileRef = C3B92C9E29A167F4003A8C74 /* GoalDetailView.swift */; };
		C3B92CA329A1681B003A8C74 /* BannerView.swift in Sources */ = {isa = PBXBuildFile; fileRef = C3B92CA229A1681B003A8C74 /* BannerView.swift */; };
		C3B92CA829A16858003A8C74 /* AlertBanner.swift in Sources */ = {isa = PBXBuildFile; fileRef = C3B92CA729A16858003A8C74 /* AlertBanner.swift */; };
		C3B92CAA29A1689C003A8C74 /* CongratsBanner.swift in Sources */ = {isa = PBXBuildFile; fileRef = C3B92CA929A1689C003A8C74 /* CongratsBanner.swift */; };
		C3B92CAC29A168E7003A8C74 /* IntroBanner.swift in Sources */ = {isa = PBXBuildFile; fileRef = C3B92CAB29A168E7003A8C74 /* IntroBanner.swift */; };
		C3B92CAE29A168F7003A8C74 /* OverviewBanner.swift in Sources */ = {isa = PBXBuildFile; fileRef = C3B92CAD29A168F7003A8C74 /* OverviewBanner.swift */; };
		C3CA8D9929F0E8C2005B1D25 /* GetGoalColor.swift in Sources */ = {isa = PBXBuildFile; fileRef = C3CA8D9829F0E8C2005B1D25 /* GetGoalColor.swift */; };
		C3CA8D9B29F0E8CB005B1D25 /* GetGoalNoun.swift in Sources */ = {isa = PBXBuildFile; fileRef = C3CA8D9A29F0E8CB005B1D25 /* GetGoalNoun.swift */; };
		C3CA8D9D29F0E8E2005B1D25 /* GetGoalParticiple.swift in Sources */ = {isa = PBXBuildFile; fileRef = C3CA8D9C29F0E8E2005B1D25 /* GetGoalParticiple.swift */; };
		C3CA8D9F29F0E8EC005B1D25 /* GetGoalVerb.swift in Sources */ = {isa = PBXBuildFile; fileRef = C3CA8D9E29F0E8EC005B1D25 /* GetGoalVerb.swift */; };
		C3CA8DA129F0E953005B1D25 /* EntriesCompletedMessage.swift in Sources */ = {isa = PBXBuildFile; fileRef = C3CA8DA029F0E953005B1D25 /* EntriesCompletedMessage.swift */; };
		C3CA8DA329F0E95E005B1D25 /* TotalEntriesMessage.swift in Sources */ = {isa = PBXBuildFile; fileRef = C3CA8DA229F0E95E005B1D25 /* TotalEntriesMessage.swift */; };
		C3CA8DA629F0EA52005B1D25 /* EntriesRemaining.swift in Sources */ = {isa = PBXBuildFile; fileRef = C3CA8DA529F0EA52005B1D25 /* EntriesRemaining.swift */; };
		C3CA8DA829F0EA66005B1D25 /* GetGoalStatusPresenter.swift in Sources */ = {isa = PBXBuildFile; fileRef = C3CA8DA729F0EA66005B1D25 /* GetGoalStatusPresenter.swift */; };
		C3CA8DAA29F0EA75005B1D25 /* PercentRemaining.swift in Sources */ = {isa = PBXBuildFile; fileRef = C3CA8DA929F0EA75005B1D25 /* PercentRemaining.swift */; };
		C3CA8DAC29F0EA8A005B1D25 /* UpdateTotalEntries.swift in Sources */ = {isa = PBXBuildFile; fileRef = C3CA8DAB29F0EA8A005B1D25 /* UpdateTotalEntries.swift */; };
		C3CA8DAF29F0EB44005B1D25 /* ImageExtension.swift in Sources */ = {isa = PBXBuildFile; fileRef = C3CA8DAE29F0EB44005B1D25 /* ImageExtension.swift */; };
		C3CA8DB329F0EB7F005B1D25 /* StringExtension.swift in Sources */ = {isa = PBXBuildFile; fileRef = C3CA8DB229F0EB7F005B1D25 /* StringExtension.swift */; };
		C3CA8DB529F0EBD8005B1D25 /* DataStore.swift in Sources */ = {isa = PBXBuildFile; fileRef = C3CA8DB429F0EBD8005B1D25 /* DataStore.swift */; };
		C3CA8DB829F0EC2D005B1D25 /* FriendlyGoalDescription.swift in Sources */ = {isa = PBXBuildFile; fileRef = C3CA8DB729F0EC2D005B1D25 /* FriendlyGoalDescription.swift */; };
		C3CA8DBD29F0ED0E005B1D25 /* NotificationService.swift in Sources */ = {isa = PBXBuildFile; fileRef = C3CA8DBC29F0ED0E005B1D25 /* NotificationService.swift */; };
		C3CA8DBF29F0EDE5005B1D25 /* SampleGoals.swift in Sources */ = {isa = PBXBuildFile; fileRef = C3CA8DBE29F0EDE5005B1D25 /* SampleGoals.swift */; };
		C3CB923E29B01C950019AD0A /* GoalListItem.swift in Sources */ = {isa = PBXBuildFile; fileRef = C3CB923D29B01C950019AD0A /* GoalListItem.swift */; };
		C3D82DFC29AC170800A3BBB9 /* GoalHistory.swift in Sources */ = {isa = PBXBuildFile; fileRef = C3D82DFB29AC170800A3BBB9 /* GoalHistory.swift */; };
		C3D82DFE29AC20F100A3BBB9 /* NullableDate.swift in Sources */ = {isa = PBXBuildFile; fileRef = C3D82DFD29AC20F100A3BBB9 /* NullableDate.swift */; };
		C3EAC8C629CBDD87007BCB94 /* EditGoalData.swift in Sources */ = {isa = PBXBuildFile; fileRef = C3EAC8C529CBDD87007BCB94 /* EditGoalData.swift */; };
		C3EAC8C829CBDDD3007BCB94 /* FriendlyGoalDescription.swift in Sources */ = {isa = PBXBuildFile; fileRef = C3EAC8C729CBDDD3007BCB94 /* FriendlyGoalDescription.swift */; };
		C3EAC8CB29CBDE41007BCB94 /* GoalRemindMe.swift in Sources */ = {isa = PBXBuildFile; fileRef = C3EAC8CA29CBDE41007BCB94 /* GoalRemindMe.swift */; };
		C3EAC8CD29CBDE60007BCB94 /* GoalAlert.swift in Sources */ = {isa = PBXBuildFile; fileRef = C3EAC8CC29CBDE60007BCB94 /* GoalAlert.swift */; };
		C3EAC8CF29CBDE7C007BCB94 /* GoalRepeatOptions.swift in Sources */ = {isa = PBXBuildFile; fileRef = C3EAC8CE29CBDE7C007BCB94 /* GoalRepeatOptions.swift */; };
		C3EAC8D229CBDF34007BCB94 /* GetGoalNoun.swift in Sources */ = {isa = PBXBuildFile; fileRef = C3EAC8D129CBDF34007BCB94 /* GetGoalNoun.swift */; };
		C3EAC8D429CBDF51007BCB94 /* GetGoalVerb.swift in Sources */ = {isa = PBXBuildFile; fileRef = C3EAC8D329CBDF51007BCB94 /* GetGoalVerb.swift */; };
		C3EAC8D629CBDF58007BCB94 /* GetGoalColor.swift in Sources */ = {isa = PBXBuildFile; fileRef = C3EAC8D529CBDF58007BCB94 /* GetGoalColor.swift */; };
		C3EAC8D829CBDF60007BCB94 /* GetGoalParticiple.swift in Sources */ = {isa = PBXBuildFile; fileRef = C3EAC8D729CBDF60007BCB94 /* GetGoalParticiple.swift */; };
		C3EAC8DA29CBDFA2007BCB94 /* EntriesCompletedMessage.swift in Sources */ = {isa = PBXBuildFile; fileRef = C3EAC8D929CBDFA2007BCB94 /* EntriesCompletedMessage.swift */; };
		C3EAC8DC29CBDFAE007BCB94 /* TotalEntriesMessage.swift in Sources */ = {isa = PBXBuildFile; fileRef = C3EAC8DB29CBDFAE007BCB94 /* TotalEntriesMessage.swift */; };
		C3EAC8E029CBE0F1007BCB94 /* EntriesRemaining.swift in Sources */ = {isa = PBXBuildFile; fileRef = C3EAC8DF29CBE0F1007BCB94 /* EntriesRemaining.swift */; };
		C3EAC8E229CBE0FA007BCB94 /* PercentRemaining.swift in Sources */ = {isa = PBXBuildFile; fileRef = C3EAC8E129CBE0FA007BCB94 /* PercentRemaining.swift */; };
		C3EAC8E429CBE143007BCB94 /* GetGoalStatusPresenter.swift in Sources */ = {isa = PBXBuildFile; fileRef = C3EAC8E329CBE143007BCB94 /* GetGoalStatusPresenter.swift */; };
		C3EAC8E629CBE1C4007BCB94 /* UpdateTotalEntries.swift in Sources */ = {isa = PBXBuildFile; fileRef = C3EAC8E529CBE1C4007BCB94 /* UpdateTotalEntries.swift */; };
		C3EAC8E829CBE355007BCB94 /* GoalOverview.swift in Sources */ = {isa = PBXBuildFile; fileRef = C3EAC8E729CBE355007BCB94 /* GoalOverview.swift */; };
		C3EEAB0E29BD1E5B00A8D6B7 /* GoalStatusPresenter.swift in Sources */ = {isa = PBXBuildFile; fileRef = C3EEAB0D29BD1E5B00A8D6B7 /* GoalStatusPresenter.swift */; };
		C3EEAB1029BD1FEF00A8D6B7 /* PercentGoalStatusPresenter.swift in Sources */ = {isa = PBXBuildFile; fileRef = C3EEAB0F29BD1FEF00A8D6B7 /* PercentGoalStatusPresenter.swift */; };
		C3EEAB1229BD1FFE00A8D6B7 /* DefaultGoalStatusPresenter.swift in Sources */ = {isa = PBXBuildFile; fileRef = C3EEAB1129BD1FFE00A8D6B7 /* DefaultGoalStatusPresenter.swift */; };
		C3EEAB1629BD6E3C00A8D6B7 /* PercentWithoutCharacterFormatStyle.swift in Sources */ = {isa = PBXBuildFile; fileRef = C3EEAB1529BD6E3C00A8D6B7 /* PercentWithoutCharacterFormatStyle.swift */; };
		C3F1C67C29B41E0F00F0A62B /* GoalType.swift in Sources */ = {isa = PBXBuildFile; fileRef = C3F1C67B29B41E0F00F0A62B /* GoalType.swift */; };
/* End PBXBuildFile section */

/* Begin PBXContainerItemProxy section */
		C3B92C7229A0632D003A8C74 /* PBXContainerItemProxy */ = {
			isa = PBXContainerItemProxy;
			containerPortal = C3B92C5829A0632C003A8C74 /* Project object */;
			proxyType = 1;
			remoteGlobalIDString = C3B92C5F29A0632C003A8C74;
			remoteInfo = "Coding Goals App";
		};
/* End PBXContainerItemProxy section */

/* Begin PBXFileReference section */
		C30962EB29BD7ADB0005FD3B /* StringExtension.swift */ = {isa = PBXFileReference; lastKnownFileType = sourcecode.swift; path = StringExtension.swift; sourceTree = "<group>"; };
		C30F36E22A646DD80098113C /* GetGoalStatus.swift */ = {isa = PBXFileReference; lastKnownFileType = sourcecode.swift; path = GetGoalStatus.swift; sourceTree = "<group>"; };
		C32B689229D6746B00E4BBB5 /* NotificationService.swift */ = {isa = PBXFileReference; lastKnownFileType = sourcecode.swift; path = NotificationService.swift; sourceTree = "<group>"; };
		C334E5B729A984BD00283217 /* ImageExtension.swift */ = {isa = PBXFileReference; lastKnownFileType = sourcecode.swift; path = ImageExtension.swift; sourceTree = "<group>"; };
		C334E5B929A9910900283217 /* ShapeExtension.swift */ = {isa = PBXFileReference; lastKnownFileType = sourcecode.swift; path = ShapeExtension.swift; sourceTree = "<group>"; };
		C343D3DE2A631EC900BB1813 /* GoalListAlert.swift */ = {isa = PBXFileReference; lastKnownFileType = sourcecode.swift; path = GoalListAlert.swift; sourceTree = "<group>"; };
		C343D3E22A631F7400BB1813 /* GoalListTodo.swift */ = {isa = PBXFileReference; lastKnownFileType = sourcecode.swift; path = GoalListTodo.swift; sourceTree = "<group>"; };
		C343D3E42A6320D800BB1813 /* GoalList.swift */ = {isa = PBXFileReference; lastKnownFileType = sourcecode.swift; path = GoalList.swift; sourceTree = "<group>"; };
		C343D3E62A6345AA00BB1813 /* GoalListCompleted.swift */ = {isa = PBXFileReference; lastKnownFileType = sourcecode.swift; path = GoalListCompleted.swift; sourceTree = "<group>"; };
		C343D3E82A63519A00BB1813 /* GoalStatus.swift */ = {isa = PBXFileReference; lastKnownFileType = sourcecode.swift; path = GoalStatus.swift; sourceTree = "<group>"; };
		C34D92F829B2AFE2006D979C /* GoalDetailEditView.swift */ = {isa = PBXFileReference; lastKnownFileType = sourcecode.swift; path = GoalDetailEditView.swift; sourceTree = "<group>"; };
		C358E2B229AECA3C00217EBB /* GoalDetailEditOptions.swift */ = {isa = PBXFileReference; lastKnownFileType = sourcecode.swift; path = GoalDetailEditOptions.swift; sourceTree = "<group>"; };
		C358E2B429AECB4B00217EBB /* GoalDetailEditBasic.swift */ = {isa = PBXFileReference; lastKnownFileType = sourcecode.swift; path = GoalDetailEditBasic.swift; sourceTree = "<group>"; };
		C358E2B629AECC4B00217EBB /* GoalDetailEditNotifications.swift */ = {isa = PBXFileReference; lastKnownFileType = sourcecode.swift; path = GoalDetailEditNotifications.swift; sourceTree = "<group>"; };
		C358E2B829AECC8700217EBB /* GoalDetailEditNotes.swift */ = {isa = PBXFileReference; lastKnownFileType = sourcecode.swift; path = GoalDetailEditNotes.swift; sourceTree = "<group>"; };
		C369DD112A60F0280011EDD5 /* EditGoalData.swift */ = {isa = PBXFileReference; lastKnownFileType = sourcecode.swift; path = EditGoalData.swift; sourceTree = "<group>"; };
		C369DD132A610A520011EDD5 /* EnvironmentValues.swift */ = {isa = PBXFileReference; lastKnownFileType = sourcecode.swift; path = EnvironmentValues.swift; sourceTree = "<group>"; };
		C372399A29B97D7A0058798D /* GoalUpdateView.swift */ = {isa = PBXFileReference; lastKnownFileType = sourcecode.swift; path = GoalUpdateView.swift; sourceTree = "<group>"; };
		C373D08229B0379C00117C62 /* GoalDetailIntro.swift */ = {isa = PBXFileReference; lastKnownFileType = sourcecode.swift; path = GoalDetailIntro.swift; sourceTree = "<group>"; };
		C373D08429B0381000117C62 /* GoalDetailBody.swift */ = {isa = PBXFileReference; lastKnownFileType = sourcecode.swift; path = GoalDetailBody.swift; sourceTree = "<group>"; };
		C37725C02A646B02006F2FDA /* GetGoalStatus.swift */ = {isa = PBXFileReference; lastKnownFileType = sourcecode.swift; path = GetGoalStatus.swift; sourceTree = "<group>"; };
		C391462229B81D2700B15340 /* GoalProgress.swift */ = {isa = PBXFileReference; lastKnownFileType = sourcecode.swift; path = GoalProgress.swift; sourceTree = "<group>"; };
		C3B92C6029A0632C003A8C74 /* CodingGoals.app */ = {isa = PBXFileReference; explicitFileType = wrapper.application; includeInIndex = 0; path = CodingGoals.app; sourceTree = BUILT_PRODUCTS_DIR; };
		C3B92C6329A0632C003A8C74 /* CodingGoalsApp.swift */ = {isa = PBXFileReference; lastKnownFileType = sourcecode.swift; path = CodingGoalsApp.swift; sourceTree = "<group>"; };
		C3B92C6729A0632D003A8C74 /* Assets.xcassets */ = {isa = PBXFileReference; lastKnownFileType = folder.assetcatalog; path = Assets.xcassets; sourceTree = "<group>"; };
		C3B92C6929A0632D003A8C74 /* CodingGoals.entitlements */ = {isa = PBXFileReference; lastKnownFileType = text.plist.entitlements; path = CodingGoals.entitlements; sourceTree = "<group>"; };
		C3B92C6B29A0632D003A8C74 /* Preview Assets.xcassets */ = {isa = PBXFileReference; lastKnownFileType = folder.assetcatalog; path = "Preview Assets.xcassets"; sourceTree = "<group>"; };
		C3B92C7129A0632D003A8C74 /* CodingGoalsTests.xctest */ = {isa = PBXFileReference; explicitFileType = wrapper.cfbundle; includeInIndex = 0; path = CodingGoalsTests.xctest; sourceTree = BUILT_PRODUCTS_DIR; };
		C3B92C9029A06529003A8C74 /* Goal.swift */ = {isa = PBXFileReference; lastKnownFileType = sourcecode.swift; path = Goal.swift; sourceTree = "<group>"; };
		C3B92C9229A068D8003A8C74 /* GoalRepeat.swift */ = {isa = PBXFileReference; lastKnownFileType = sourcecode.swift; path = GoalRepeat.swift; sourceTree = "<group>"; };
		C3B92C9429A0698B003A8C74 /* GoalNotifications.swift */ = {isa = PBXFileReference; lastKnownFileType = sourcecode.swift; path = GoalNotifications.swift; sourceTree = "<group>"; };
		C3B92C9629A11F50003A8C74 /* DataStore.swift */ = {isa = PBXFileReference; lastKnownFileType = sourcecode.swift; path = DataStore.swift; sourceTree = "<group>"; };
		C3B92C9929A161D8003A8C74 /* sampleGoals.json */ = {isa = PBXFileReference; lastKnownFileType = text.json; path = sampleGoals.json; sourceTree = "<group>"; };
		C3B92C9B29A167C6003A8C74 /* GoalListView.swift */ = {isa = PBXFileReference; lastKnownFileType = sourcecode.swift; path = GoalListView.swift; sourceTree = "<group>"; };
		C3B92C9E29A167F4003A8C74 /* GoalDetailView.swift */ = {isa = PBXFileReference; lastKnownFileType = sourcecode.swift; path = GoalDetailView.swift; sourceTree = "<group>"; };
		C3B92CA229A1681B003A8C74 /* BannerView.swift */ = {isa = PBXFileReference; lastKnownFileType = sourcecode.swift; path = BannerView.swift; sourceTree = "<group>"; };
		C3B92CA729A16858003A8C74 /* AlertBanner.swift */ = {isa = PBXFileReference; lastKnownFileType = sourcecode.swift; path = AlertBanner.swift; sourceTree = "<group>"; };
		C3B92CA929A1689C003A8C74 /* CongratsBanner.swift */ = {isa = PBXFileReference; lastKnownFileType = sourcecode.swift; path = CongratsBanner.swift; sourceTree = "<group>"; };
		C3B92CAB29A168E7003A8C74 /* IntroBanner.swift */ = {isa = PBXFileReference; lastKnownFileType = sourcecode.swift; path = IntroBanner.swift; sourceTree = "<group>"; };
		C3B92CAD29A168F7003A8C74 /* OverviewBanner.swift */ = {isa = PBXFileReference; lastKnownFileType = sourcecode.swift; path = OverviewBanner.swift; sourceTree = "<group>"; };
		C3CA8D9829F0E8C2005B1D25 /* GetGoalColor.swift */ = {isa = PBXFileReference; lastKnownFileType = sourcecode.swift; path = GetGoalColor.swift; sourceTree = "<group>"; };
		C3CA8D9A29F0E8CB005B1D25 /* GetGoalNoun.swift */ = {isa = PBXFileReference; lastKnownFileType = sourcecode.swift; path = GetGoalNoun.swift; sourceTree = "<group>"; };
		C3CA8D9C29F0E8E2005B1D25 /* GetGoalParticiple.swift */ = {isa = PBXFileReference; lastKnownFileType = sourcecode.swift; path = GetGoalParticiple.swift; sourceTree = "<group>"; };
		C3CA8D9E29F0E8EC005B1D25 /* GetGoalVerb.swift */ = {isa = PBXFileReference; lastKnownFileType = sourcecode.swift; path = GetGoalVerb.swift; sourceTree = "<group>"; };
		C3CA8DA029F0E953005B1D25 /* EntriesCompletedMessage.swift */ = {isa = PBXFileReference; lastKnownFileType = sourcecode.swift; path = EntriesCompletedMessage.swift; sourceTree = "<group>"; };
		C3CA8DA229F0E95E005B1D25 /* TotalEntriesMessage.swift */ = {isa = PBXFileReference; lastKnownFileType = sourcecode.swift; path = TotalEntriesMessage.swift; sourceTree = "<group>"; };
		C3CA8DA529F0EA52005B1D25 /* EntriesRemaining.swift */ = {isa = PBXFileReference; lastKnownFileType = sourcecode.swift; path = EntriesRemaining.swift; sourceTree = "<group>"; };
		C3CA8DA729F0EA66005B1D25 /* GetGoalStatusPresenter.swift */ = {isa = PBXFileReference; lastKnownFileType = sourcecode.swift; path = GetGoalStatusPresenter.swift; sourceTree = "<group>"; };
		C3CA8DA929F0EA75005B1D25 /* PercentRemaining.swift */ = {isa = PBXFileReference; lastKnownFileType = sourcecode.swift; path = PercentRemaining.swift; sourceTree = "<group>"; };
		C3CA8DAB29F0EA8A005B1D25 /* UpdateTotalEntries.swift */ = {isa = PBXFileReference; lastKnownFileType = sourcecode.swift; path = UpdateTotalEntries.swift; sourceTree = "<group>"; };
		C3CA8DAE29F0EB44005B1D25 /* ImageExtension.swift */ = {isa = PBXFileReference; lastKnownFileType = sourcecode.swift; path = ImageExtension.swift; sourceTree = "<group>"; };
		C3CA8DB229F0EB7F005B1D25 /* StringExtension.swift */ = {isa = PBXFileReference; lastKnownFileType = sourcecode.swift; path = StringExtension.swift; sourceTree = "<group>"; };
		C3CA8DB429F0EBD8005B1D25 /* DataStore.swift */ = {isa = PBXFileReference; lastKnownFileType = sourcecode.swift; path = DataStore.swift; sourceTree = "<group>"; };
		C3CA8DB729F0EC2D005B1D25 /* FriendlyGoalDescription.swift */ = {isa = PBXFileReference; lastKnownFileType = sourcecode.swift; path = FriendlyGoalDescription.swift; sourceTree = "<group>"; };
		C3CA8DBC29F0ED0E005B1D25 /* NotificationService.swift */ = {isa = PBXFileReference; lastKnownFileType = sourcecode.swift; path = NotificationService.swift; sourceTree = "<group>"; };
		C3CA8DBE29F0EDE5005B1D25 /* SampleGoals.swift */ = {isa = PBXFileReference; lastKnownFileType = sourcecode.swift; path = SampleGoals.swift; sourceTree = "<group>"; };
		C3CB923D29B01C950019AD0A /* GoalListItem.swift */ = {isa = PBXFileReference; lastKnownFileType = sourcecode.swift; path = GoalListItem.swift; sourceTree = "<group>"; };
		C3D82DFB29AC170800A3BBB9 /* GoalHistory.swift */ = {isa = PBXFileReference; lastKnownFileType = sourcecode.swift; path = GoalHistory.swift; sourceTree = "<group>"; };
		C3D82DFD29AC20F100A3BBB9 /* NullableDate.swift */ = {isa = PBXFileReference; lastKnownFileType = sourcecode.swift; path = NullableDate.swift; sourceTree = "<group>"; };
		C3EAC8C529CBDD87007BCB94 /* EditGoalData.swift */ = {isa = PBXFileReference; lastKnownFileType = sourcecode.swift; path = EditGoalData.swift; sourceTree = "<group>"; };
		C3EAC8C729CBDDD3007BCB94 /* FriendlyGoalDescription.swift */ = {isa = PBXFileReference; lastKnownFileType = sourcecode.swift; path = FriendlyGoalDescription.swift; sourceTree = "<group>"; };
		C3EAC8CA29CBDE41007BCB94 /* GoalRemindMe.swift */ = {isa = PBXFileReference; lastKnownFileType = sourcecode.swift; path = GoalRemindMe.swift; sourceTree = "<group>"; };
		C3EAC8CC29CBDE60007BCB94 /* GoalAlert.swift */ = {isa = PBXFileReference; lastKnownFileType = sourcecode.swift; path = GoalAlert.swift; sourceTree = "<group>"; };
		C3EAC8CE29CBDE7C007BCB94 /* GoalRepeatOptions.swift */ = {isa = PBXFileReference; lastKnownFileType = sourcecode.swift; path = GoalRepeatOptions.swift; sourceTree = "<group>"; };
		C3EAC8D129CBDF34007BCB94 /* GetGoalNoun.swift */ = {isa = PBXFileReference; lastKnownFileType = sourcecode.swift; path = GetGoalNoun.swift; sourceTree = "<group>"; };
		C3EAC8D329CBDF51007BCB94 /* GetGoalVerb.swift */ = {isa = PBXFileReference; lastKnownFileType = sourcecode.swift; path = GetGoalVerb.swift; sourceTree = "<group>"; };
		C3EAC8D529CBDF58007BCB94 /* GetGoalColor.swift */ = {isa = PBXFileReference; lastKnownFileType = sourcecode.swift; path = GetGoalColor.swift; sourceTree = "<group>"; };
		C3EAC8D729CBDF60007BCB94 /* GetGoalParticiple.swift */ = {isa = PBXFileReference; lastKnownFileType = sourcecode.swift; path = GetGoalParticiple.swift; sourceTree = "<group>"; };
		C3EAC8D929CBDFA2007BCB94 /* EntriesCompletedMessage.swift */ = {isa = PBXFileReference; lastKnownFileType = sourcecode.swift; path = EntriesCompletedMessage.swift; sourceTree = "<group>"; };
		C3EAC8DB29CBDFAE007BCB94 /* TotalEntriesMessage.swift */ = {isa = PBXFileReference; lastKnownFileType = sourcecode.swift; path = TotalEntriesMessage.swift; sourceTree = "<group>"; };
		C3EAC8DF29CBE0F1007BCB94 /* EntriesRemaining.swift */ = {isa = PBXFileReference; lastKnownFileType = sourcecode.swift; path = EntriesRemaining.swift; sourceTree = "<group>"; };
		C3EAC8E129CBE0FA007BCB94 /* PercentRemaining.swift */ = {isa = PBXFileReference; lastKnownFileType = sourcecode.swift; path = PercentRemaining.swift; sourceTree = "<group>"; };
		C3EAC8E329CBE143007BCB94 /* GetGoalStatusPresenter.swift */ = {isa = PBXFileReference; lastKnownFileType = sourcecode.swift; path = GetGoalStatusPresenter.swift; sourceTree = "<group>"; };
		C3EAC8E529CBE1C4007BCB94 /* UpdateTotalEntries.swift */ = {isa = PBXFileReference; lastKnownFileType = sourcecode.swift; path = UpdateTotalEntries.swift; sourceTree = "<group>"; };
		C3EAC8E729CBE355007BCB94 /* GoalOverview.swift */ = {isa = PBXFileReference; lastKnownFileType = sourcecode.swift; path = GoalOverview.swift; sourceTree = "<group>"; };
		C3EEAB0D29BD1E5B00A8D6B7 /* GoalStatusPresenter.swift */ = {isa = PBXFileReference; lastKnownFileType = sourcecode.swift; path = GoalStatusPresenter.swift; sourceTree = "<group>"; };
		C3EEAB0F29BD1FEF00A8D6B7 /* PercentGoalStatusPresenter.swift */ = {isa = PBXFileReference; lastKnownFileType = sourcecode.swift; path = PercentGoalStatusPresenter.swift; sourceTree = "<group>"; };
		C3EEAB1129BD1FFE00A8D6B7 /* DefaultGoalStatusPresenter.swift */ = {isa = PBXFileReference; lastKnownFileType = sourcecode.swift; path = DefaultGoalStatusPresenter.swift; sourceTree = "<group>"; };
		C3EEAB1529BD6E3C00A8D6B7 /* PercentWithoutCharacterFormatStyle.swift */ = {isa = PBXFileReference; lastKnownFileType = sourcecode.swift; path = PercentWithoutCharacterFormatStyle.swift; sourceTree = "<group>"; };
		C3F1C67B29B41E0F00F0A62B /* GoalType.swift */ = {isa = PBXFileReference; lastKnownFileType = sourcecode.swift; path = GoalType.swift; sourceTree = "<group>"; };
/* End PBXFileReference section */

/* Begin PBXFrameworksBuildPhase section */
		C3B92C5D29A0632C003A8C74 /* Frameworks */ = {
			isa = PBXFrameworksBuildPhase;
			buildActionMask = 2147483647;
			files = (
			);
			runOnlyForDeploymentPostprocessing = 0;
		};
		C3B92C6E29A0632D003A8C74 /* Frameworks */ = {
			isa = PBXFrameworksBuildPhase;
			buildActionMask = 2147483647;
			files = (
			);
			runOnlyForDeploymentPostprocessing = 0;
		};
/* End PBXFrameworksBuildPhase section */

/* Begin PBXGroup section */
		C32B688F29D6740200E4BBB5 /* NotificationService */ = {
			isa = PBXGroup;
			children = (
				C32B689229D6746B00E4BBB5 /* NotificationService.swift */,
			);
			path = NotificationService;
			sourceTree = "<group>";
		};
		C32C5F1A29CAB0D9008B4748 /* FormatStyle */ = {
			isa = PBXGroup;
			children = (
				C3EEAB1529BD6E3C00A8D6B7 /* PercentWithoutCharacterFormatStyle.swift */,
			);
			path = FormatStyle;
			sourceTree = "<group>";
		};
		C32C5F1B29CBCDCD008B4748 /* UI */ = {
			isa = PBXGroup;
			children = (
				C3EEAB0C29BD1DE200A8D6B7 /* GoalStatusPresenter */,
				C3EEAB1429BD6E0B00A8D6B7 /* Styles */,
				C3B92C8F29A064C8003A8C74 /* Views */,
			);
			path = UI;
			sourceTree = "<group>";
		};
		C334E5B329A971A700283217 /* Goal */ = {
			isa = PBXGroup;
			children = (
				C3F1C67629B4189500F0A62B /* future-release */,
				C3F1C67829B41A0200F0A62B /* parts */,
				C3B92C9E29A167F4003A8C74 /* GoalDetailView.swift */,
				C34D92F829B2AFE2006D979C /* GoalDetailEditView.swift */,
				C3B92C9B29A167C6003A8C74 /* GoalListView.swift */,
				C372399A29B97D7A0058798D /* GoalUpdateView.swift */,
			);
			path = Goal;
			sourceTree = "<group>";
		};
		C334E5B629A984AC00283217 /* Extensions */ = {
			isa = PBXGroup;
			children = (
				C334E5B729A984BD00283217 /* ImageExtension.swift */,
				C334E5B929A9910900283217 /* ShapeExtension.swift */,
				C30962EB29BD7ADB0005FD3B /* StringExtension.swift */,
			);
			path = Extensions;
			sourceTree = "<group>";
		};
		C358E2AF29AEC9C100217EBB /* GoalDetailEdit */ = {
			isa = PBXGroup;
			children = (
				C358E2B429AECB4B00217EBB /* GoalDetailEditBasic.swift */,
				C358E2B229AECA3C00217EBB /* GoalDetailEditOptions.swift */,
				C358E2B629AECC4B00217EBB /* GoalDetailEditNotifications.swift */,
				C358E2B829AECC8700217EBB /* GoalDetailEditNotes.swift */,
			);
			path = GoalDetailEdit;
			sourceTree = "<group>";
		};
		C373D08129B036F600117C62 /* GoalDetail */ = {
			isa = PBXGroup;
			children = (
				C373D08229B0379C00117C62 /* GoalDetailIntro.swift */,
				C373D08429B0381000117C62 /* GoalDetailBody.swift */,
			);
			path = GoalDetail;
			sourceTree = "<group>";
		};
		C3B92C5729A0632C003A8C74 = {
			isa = PBXGroup;
			children = (
				C3B92C6229A0632C003A8C74 /* CodingGoals */,
				C3B92C7429A0632D003A8C74 /* CodingGoalsTests */,
				C3B92C6129A0632C003A8C74 /* Products */,
			);
			sourceTree = "<group>";
		};
		C3B92C6129A0632C003A8C74 /* Products */ = {
			isa = PBXGroup;
			children = (
				C3B92C6029A0632C003A8C74 /* CodingGoals.app */,
				C3B92C7129A0632D003A8C74 /* CodingGoalsTests.xctest */,
			);
			name = Products;
			sourceTree = "<group>";
		};
		C3B92C6229A0632C003A8C74 /* CodingGoals */ = {
			isa = PBXGroup;
			children = (
				C3B92C6929A0632D003A8C74 /* CodingGoals.entitlements */,
				C3B92C6329A0632C003A8C74 /* CodingGoalsApp.swift */,
				C3B92C9629A11F50003A8C74 /* DataStore.swift */,
				C369DD132A610A520011EDD5 /* EnvironmentValues.swift */,
				C3D82DFD29AC20F100A3BBB9 /* NullableDate.swift */,
				C3B92C6729A0632D003A8C74 /* Assets.xcassets */,
				C3B92C6A29A0632D003A8C74 /* (Preview Content) */,
				C334E5B629A984AC00283217 /* Extensions */,
				C3D82DFF29AC215500A3BBB9 /* GoalEntity */,
				C3EAC8C929CBDE32007BCB94 /* GoalEnums */,
				C3EAC8C429CBDD4A007BCB94 /* GoalUseCases */,
				C32B688F29D6740200E4BBB5 /* NotificationService */,
				C32C5F1B29CBCDCD008B4748 /* UI */,
			);
			path = CodingGoals;
			sourceTree = "<group>";
		};
		C3B92C6A29A0632D003A8C74 /* (Preview Content) */ = {
			isa = PBXGroup;
			children = (
				C3B92C6B29A0632D003A8C74 /* Preview Assets.xcassets */,
				C3B92C9829A161B1003A8C74 /* Resources */,
			);
			path = "(Preview Content)";
			sourceTree = "<group>";
		};
		C3B92C7429A0632D003A8C74 /* CodingGoalsTests */ = {
			isa = PBXGroup;
			children = (
				C3CA8DB429F0EBD8005B1D25 /* DataStore.swift */,
				C3CA8DAD29F0EB1B005B1D25 /* Extensions */,
				C3CA8DB629F0EC0A005B1D25 /* GoalUseCases */,
				C3CA8D9629F0E880005B1D25 /* NotificationService */,
			);
			path = CodingGoalsTests;
			sourceTree = "<group>";
		};
		C3B92C8F29A064C8003A8C74 /* Views */ = {
			isa = PBXGroup;
			children = (
				C3B92CA629A1683F003A8C74 /* Banner */,
				C334E5B329A971A700283217 /* Goal */,
			);
			path = Views;
			sourceTree = "<group>";
		};
		C3B92C9829A161B1003A8C74 /* Resources */ = {
			isa = PBXGroup;
			children = (
				C3B92C9929A161D8003A8C74 /* sampleGoals.json */,
				C3CA8DBE29F0EDE5005B1D25 /* SampleGoals.swift */,
			);
			path = Resources;
			sourceTree = "<group>";
		};
		C3B92CA629A1683F003A8C74 /* Banner */ = {
			isa = PBXGroup;
			children = (
				C3B92CAD29A168F7003A8C74 /* OverviewBanner.swift */,
				C3B92CA729A16858003A8C74 /* AlertBanner.swift */,
				C3B92CA929A1689C003A8C74 /* CongratsBanner.swift */,
				C3F1C68129B4280C00F0A62B /* future-release */,
			);
			path = Banner;
			sourceTree = "<group>";
		};
		C3CA8D9629F0E880005B1D25 /* NotificationService */ = {
			isa = PBXGroup;
			children = (
				C3CA8DBC29F0ED0E005B1D25 /* NotificationService.swift */,
			);
			path = NotificationService;
			sourceTree = "<group>";
		};
		C3CA8D9729F0E89C005B1D25 /* GoalType */ = {
			isa = PBXGroup;
			children = (
				C3CA8D9829F0E8C2005B1D25 /* GetGoalColor.swift */,
				C3CA8D9A29F0E8CB005B1D25 /* GetGoalNoun.swift */,
				C3CA8D9C29F0E8E2005B1D25 /* GetGoalParticiple.swift */,
				C3CA8D9E29F0E8EC005B1D25 /* GetGoalVerb.swift */,
				C3CA8DA029F0E953005B1D25 /* EntriesCompletedMessage.swift */,
				C3CA8DA229F0E95E005B1D25 /* TotalEntriesMessage.swift */,
			);
			path = GoalType;
			sourceTree = "<group>";
		};
		C3CA8DA429F0EA06005B1D25 /* GoalProgress */ = {
			isa = PBXGroup;
			children = (
				C3CA8DA529F0EA52005B1D25 /* EntriesRemaining.swift */,
				C3CA8DA729F0EA66005B1D25 /* GetGoalStatusPresenter.swift */,
				C3CA8DA929F0EA75005B1D25 /* PercentRemaining.swift */,
				C3CA8DAB29F0EA8A005B1D25 /* UpdateTotalEntries.swift */,
			);
			path = GoalProgress;
			sourceTree = "<group>";
		};
		C3CA8DAD29F0EB1B005B1D25 /* Extensions */ = {
			isa = PBXGroup;
			children = (
				C3CA8DAE29F0EB44005B1D25 /* ImageExtension.swift */,
				C3CA8DB229F0EB7F005B1D25 /* StringExtension.swift */,
			);
			path = Extensions;
			sourceTree = "<group>";
		};
		C3CA8DB629F0EC0A005B1D25 /* GoalUseCases */ = {
			isa = PBXGroup;
			children = (
				C369DD112A60F0280011EDD5 /* EditGoalData.swift */,
				C3CA8DB729F0EC2D005B1D25 /* FriendlyGoalDescription.swift */,
				C30F36E22A646DD80098113C /* GetGoalStatus.swift */,
				C3CA8DA429F0EA06005B1D25 /* GoalProgress */,
				C3CA8D9729F0E89C005B1D25 /* GoalType */,
			);
			path = GoalUseCases;
			sourceTree = "<group>";
		};
		C3CB923C29B01C550019AD0A /* GoalList */ = {
			isa = PBXGroup;
			children = (
				C3CB923D29B01C950019AD0A /* GoalListItem.swift */,
				C343D3E42A6320D800BB1813 /* GoalList.swift */,
				C343D3DE2A631EC900BB1813 /* GoalListAlert.swift */,
				C343D3E22A631F7400BB1813 /* GoalListTodo.swift */,
				C343D3E62A6345AA00BB1813 /* GoalListCompleted.swift */,
			);
			path = GoalList;
			sourceTree = "<group>";
		};
		C3D82DFF29AC215500A3BBB9 /* GoalEntity */ = {
			isa = PBXGroup;
			children = (
				C3B92C9029A06529003A8C74 /* Goal.swift */,
				C3EAC8E729CBE355007BCB94 /* GoalOverview.swift */,
				C3B92C9229A068D8003A8C74 /* GoalRepeat.swift */,
				C3B92C9429A0698B003A8C74 /* GoalNotifications.swift */,
				C391462229B81D2700B15340 /* GoalProgress.swift */,
			);
			path = GoalEntity;
			sourceTree = "<group>";
		};
		C3EAC8C429CBDD4A007BCB94 /* GoalUseCases */ = {
			isa = PBXGroup;
			children = (
				C3EAC8C529CBDD87007BCB94 /* EditGoalData.swift */,
				C3EAC8C729CBDDD3007BCB94 /* FriendlyGoalDescription.swift */,
				C3EAC8DD29CBE0BD007BCB94 /* GoalProgress */,
				C3EAC8D029CBDF15007BCB94 /* GoalType */,
				C37725C02A646B02006F2FDA /* GetGoalStatus.swift */,
			);
			path = GoalUseCases;
			sourceTree = "<group>";
		};
		C3EAC8C929CBDE32007BCB94 /* GoalEnums */ = {
			isa = PBXGroup;
			children = (
				C3EAC8CC29CBDE60007BCB94 /* GoalAlert.swift */,
				C3EAC8CA29CBDE41007BCB94 /* GoalRemindMe.swift */,
				C3EAC8CE29CBDE7C007BCB94 /* GoalRepeatOptions.swift */,
				C3F1C67B29B41E0F00F0A62B /* GoalType.swift */,
				C343D3E82A63519A00BB1813 /* GoalStatus.swift */,
			);
			path = GoalEnums;
			sourceTree = "<group>";
		};
		C3EAC8D029CBDF15007BCB94 /* GoalType */ = {
			isa = PBXGroup;
			children = (
				C3EAC8D529CBDF58007BCB94 /* GetGoalColor.swift */,
				C3EAC8D129CBDF34007BCB94 /* GetGoalNoun.swift */,
				C3EAC8D729CBDF60007BCB94 /* GetGoalParticiple.swift */,
				C3EAC8D329CBDF51007BCB94 /* GetGoalVerb.swift */,
				C3EAC8D929CBDFA2007BCB94 /* EntriesCompletedMessage.swift */,
				C3EAC8DB29CBDFAE007BCB94 /* TotalEntriesMessage.swift */,
			);
			path = GoalType;
			sourceTree = "<group>";
		};
		C3EAC8DD29CBE0BD007BCB94 /* GoalProgress */ = {
			isa = PBXGroup;
			children = (
				C3EAC8DF29CBE0F1007BCB94 /* EntriesRemaining.swift */,
				C3EAC8E329CBE143007BCB94 /* GetGoalStatusPresenter.swift */,
				C3EAC8E129CBE0FA007BCB94 /* PercentRemaining.swift */,
				C3EAC8E529CBE1C4007BCB94 /* UpdateTotalEntries.swift */,
			);
			path = GoalProgress;
			sourceTree = "<group>";
		};
		C3EEAB0C29BD1DE200A8D6B7 /* GoalStatusPresenter */ = {
			isa = PBXGroup;
			children = (
				C3EEAB0D29BD1E5B00A8D6B7 /* GoalStatusPresenter.swift */,
				C3EEAB1129BD1FFE00A8D6B7 /* DefaultGoalStatusPresenter.swift */,
				C3EEAB0F29BD1FEF00A8D6B7 /* PercentGoalStatusPresenter.swift */,
			);
			path = GoalStatusPresenter;
			sourceTree = "<group>";
		};
		C3EEAB1429BD6E0B00A8D6B7 /* Styles */ = {
			isa = PBXGroup;
			children = (
				C32C5F1A29CAB0D9008B4748 /* FormatStyle */,
			);
			path = Styles;
			sourceTree = "<group>";
		};
		C3F1C67629B4189500F0A62B /* future-release */ = {
			isa = PBXGroup;
			children = (
				C3D82DFB29AC170800A3BBB9 /* GoalHistory.swift */,
			);
			path = "future-release";
			sourceTree = "<group>";
		};
		C3F1C67829B41A0200F0A62B /* parts */ = {
			isa = PBXGroup;
			children = (
				C358E2AF29AEC9C100217EBB /* GoalDetailEdit */,
				C3CB923C29B01C550019AD0A /* GoalList */,
				C373D08129B036F600117C62 /* GoalDetail */,
			);
			path = parts;
			sourceTree = "<group>";
		};
		C3F1C68129B4280C00F0A62B /* future-release */ = {
			isa = PBXGroup;
			children = (
				C3B92CA229A1681B003A8C74 /* BannerView.swift */,
				C3B92CAB29A168E7003A8C74 /* IntroBanner.swift */,
			);
			path = "future-release";
			sourceTree = "<group>";
		};
/* End PBXGroup section */

/* Begin PBXNativeTarget section */
		C3B92C5F29A0632C003A8C74 /* CodingGoals */ = {
			isa = PBXNativeTarget;
			buildConfigurationList = C3B92C8529A0632D003A8C74 /* Build configuration list for PBXNativeTarget "CodingGoals" */;
			buildPhases = (
				C3B92C5C29A0632C003A8C74 /* Sources */,
				C3B92C5D29A0632C003A8C74 /* Frameworks */,
				C3B92C5E29A0632C003A8C74 /* Resources */,
			);
			buildRules = (
			);
			dependencies = (
			);
			name = CodingGoals;
			productName = "Coding Goals App";
			productReference = C3B92C6029A0632C003A8C74 /* CodingGoals.app */;
			productType = "com.apple.product-type.application";
		};
		C3B92C7029A0632D003A8C74 /* CodingGoalsTests */ = {
			isa = PBXNativeTarget;
			buildConfigurationList = C3B92C8829A0632D003A8C74 /* Build configuration list for PBXNativeTarget "CodingGoalsTests" */;
			buildPhases = (
				C3B92C6D29A0632D003A8C74 /* Sources */,
				C3B92C6E29A0632D003A8C74 /* Frameworks */,
				C3B92C6F29A0632D003A8C74 /* Resources */,
			);
			buildRules = (
			);
			dependencies = (
				C3B92C7329A0632D003A8C74 /* PBXTargetDependency */,
			);
			name = CodingGoalsTests;
			productName = "Coding Goals AppTests";
			productReference = C3B92C7129A0632D003A8C74 /* CodingGoalsTests.xctest */;
			productType = "com.apple.product-type.bundle.unit-test";
		};
/* End PBXNativeTarget section */

/* Begin PBXProject section */
		C3B92C5829A0632C003A8C74 /* Project object */ = {
			isa = PBXProject;
			attributes = {
				BuildIndependentTargetsInParallel = 1;
				LastSwiftUpdateCheck = 1420;
				LastUpgradeCheck = 1420;
				TargetAttributes = {
					C3B92C5F29A0632C003A8C74 = {
						CreatedOnToolsVersion = 14.2;
					};
					C3B92C7029A0632D003A8C74 = {
						CreatedOnToolsVersion = 14.2;
						TestTargetID = C3B92C5F29A0632C003A8C74;
					};
				};
			};
			buildConfigurationList = C3B92C5B29A0632C003A8C74 /* Build configuration list for PBXProject "CodingGoals" */;
			compatibilityVersion = "Xcode 14.0";
			developmentRegion = en;
			hasScannedForEncodings = 0;
			knownRegions = (
				en,
				Base,
			);
			mainGroup = C3B92C5729A0632C003A8C74;
			productRefGroup = C3B92C6129A0632C003A8C74 /* Products */;
			projectDirPath = "";
			projectRoot = "";
			targets = (
				C3B92C5F29A0632C003A8C74 /* CodingGoals */,
				C3B92C7029A0632D003A8C74 /* CodingGoalsTests */,
			);
		};
/* End PBXProject section */

/* Begin PBXResourcesBuildPhase section */
		C3B92C5E29A0632C003A8C74 /* Resources */ = {
			isa = PBXResourcesBuildPhase;
			buildActionMask = 2147483647;
			files = (
				C3B92C9A29A161D8003A8C74 /* sampleGoals.json in Resources */,
				C3B92C6829A0632D003A8C74 /* Assets.xcassets in Resources */,
			);
			runOnlyForDeploymentPostprocessing = 0;
		};
		C3B92C6F29A0632D003A8C74 /* Resources */ = {
			isa = PBXResourcesBuildPhase;
			buildActionMask = 2147483647;
			files = (
			);
			runOnlyForDeploymentPostprocessing = 0;
		};
/* End PBXResourcesBuildPhase section */

/* Begin PBXSourcesBuildPhase section */
		C3B92C5C29A0632C003A8C74 /* Sources */ = {
			isa = PBXSourcesBuildPhase;
			buildActionMask = 2147483647;
			files = (
				C391462329B81D2700B15340 /* GoalProgress.swift in Sources */,
				C3EAC8E429CBE143007BCB94 /* GetGoalStatusPresenter.swift in Sources */,
				C3EAC8CB29CBDE41007BCB94 /* GoalRemindMe.swift in Sources */,
				C3EAC8E029CBE0F1007BCB94 /* EntriesRemaining.swift in Sources */,
				C3B92C9F29A167F4003A8C74 /* GoalDetailView.swift in Sources */,
				C3B92CAC29A168E7003A8C74 /* IntroBanner.swift in Sources */,
				C3EAC8D629CBDF58007BCB94 /* GetGoalColor.swift in Sources */,
				C34D92F929B2AFE2006D979C /* GoalDetailEditView.swift in Sources */,
				C3B92C9C29A167C6003A8C74 /* GoalListView.swift in Sources */,
				C3EEAB1629BD6E3C00A8D6B7 /* PercentWithoutCharacterFormatStyle.swift in Sources */,
				C3B92C9729A11F50003A8C74 /* DataStore.swift in Sources */,
				C334E5BA29A9910A00283217 /* ShapeExtension.swift in Sources */,
				C3B92CA829A16858003A8C74 /* AlertBanner.swift in Sources */,
				C358E2B329AECA3C00217EBB /* GoalDetailEditOptions.swift in Sources */,
				C3EEAB1229BD1FFE00A8D6B7 /* DefaultGoalStatusPresenter.swift in Sources */,
				C372399B29B97D7A0058798D /* GoalUpdateView.swift in Sources */,
				C3B92CA329A1681B003A8C74 /* BannerView.swift in Sources */,
				C3EAC8E229CBE0FA007BCB94 /* PercentRemaining.swift in Sources */,
				C3EAC8CF29CBDE7C007BCB94 /* GoalRepeatOptions.swift in Sources */,
				C3EEAB1029BD1FEF00A8D6B7 /* PercentGoalStatusPresenter.swift in Sources */,
				C3EAC8E829CBE355007BCB94 /* GoalOverview.swift in Sources */,
				C358E2B529AECB4B00217EBB /* GoalDetailEditBasic.swift in Sources */,
				C3B92C9129A06529003A8C74 /* Goal.swift in Sources */,
				C3CA8DBF29F0EDE5005B1D25 /* SampleGoals.swift in Sources */,
				C3EAC8DA29CBDFA2007BCB94 /* EntriesCompletedMessage.swift in Sources */,
				C334E5B829A984BD00283217 /* ImageExtension.swift in Sources */,
				C3EAC8D229CBDF34007BCB94 /* GetGoalNoun.swift in Sources */,
				C3B92C6429A0632C003A8C74 /* CodingGoalsApp.swift in Sources */,
				C369DD142A610A520011EDD5 /* EnvironmentValues.swift in Sources */,
				C3EAC8CD29CBDE60007BCB94 /* GoalAlert.swift in Sources */,
				C3EAC8D829CBDF60007BCB94 /* GetGoalParticiple.swift in Sources */,
				C3EAC8C629CBDD87007BCB94 /* EditGoalData.swift in Sources */,
				C3B92CAA29A1689C003A8C74 /* CongratsBanner.swift in Sources */,
				C3EAC8DC29CBDFAE007BCB94 /* TotalEntriesMessage.swift in Sources */,
				C3D82DFC29AC170800A3BBB9 /* GoalHistory.swift in Sources */,
				C3B92CAE29A168F7003A8C74 /* OverviewBanner.swift in Sources */,
				C3EEAB0E29BD1E5B00A8D6B7 /* GoalStatusPresenter.swift in Sources */,
				C343D3E72A6345AA00BB1813 /* GoalListCompleted.swift in Sources */,
				C373D08529B0381000117C62 /* GoalDetailBody.swift in Sources */,
				C37725C42A646C01006F2FDA /* GetGoalStatus.swift in Sources */,
				C3CB923E29B01C950019AD0A /* GoalListItem.swift in Sources */,
				C30962EC29BD7ADB0005FD3B /* StringExtension.swift in Sources */,
				C3B92C9529A0698B003A8C74 /* GoalNotifications.swift in Sources */,
				C343D3E92A63519A00BB1813 /* GoalStatus.swift in Sources */,
				C358E2B729AECC4B00217EBB /* GoalDetailEditNotifications.swift in Sources */,
				C343D3DF2A631EC900BB1813 /* GoalListAlert.swift in Sources */,
				C3EAC8C829CBDDD3007BCB94 /* FriendlyGoalDescription.swift in Sources */,
				C3D82DFE29AC20F100A3BBB9 /* NullableDate.swift in Sources */,
				C32B689329D6746B00E4BBB5 /* NotificationService.swift in Sources */,
				C3B92C9329A068D8003A8C74 /* GoalRepeat.swift in Sources */,
				C3EAC8D429CBDF51007BCB94 /* GetGoalVerb.swift in Sources */,
				C3F1C67C29B41E0F00F0A62B /* GoalType.swift in Sources */,
				C343D3E52A6320D800BB1813 /* GoalList.swift in Sources */,
				C3EAC8E629CBE1C4007BCB94 /* UpdateTotalEntries.swift in Sources */,
				C343D3E32A631F7400BB1813 /* GoalListTodo.swift in Sources */,
				C358E2B929AECC8700217EBB /* GoalDetailEditNotes.swift in Sources */,
				C373D08329B0379C00117C62 /* GoalDetailIntro.swift in Sources */,
			);
			runOnlyForDeploymentPostprocessing = 0;
		};
		C3B92C6D29A0632D003A8C74 /* Sources */ = {
			isa = PBXSourcesBuildPhase;
			buildActionMask = 2147483647;
			files = (
				C369DD122A60F0280011EDD5 /* EditGoalData.swift in Sources */,
				C3CA8D9B29F0E8CB005B1D25 /* GetGoalNoun.swift in Sources */,
				C30F36E32A646DD80098113C /* GetGoalStatus.swift in Sources */,
				C3CA8DA329F0E95E005B1D25 /* TotalEntriesMessage.swift in Sources */,
				C3CA8D9F29F0E8EC005B1D25 /* GetGoalVerb.swift in Sources */,
				C3CA8DAC29F0EA8A005B1D25 /* UpdateTotalEntries.swift in Sources */,
				C3CA8D9D29F0E8E2005B1D25 /* GetGoalParticiple.swift in Sources */,
				C3CA8DA629F0EA52005B1D25 /* EntriesRemaining.swift in Sources */,
				C3CA8DB329F0EB7F005B1D25 /* StringExtension.swift in Sources */,
				C3CA8DBD29F0ED0E005B1D25 /* NotificationService.swift in Sources */,
				C3CA8DAF29F0EB44005B1D25 /* ImageExtension.swift in Sources */,
				C3CA8DA829F0EA66005B1D25 /* GetGoalStatusPresenter.swift in Sources */,
				C3CA8DB829F0EC2D005B1D25 /* FriendlyGoalDescription.swift in Sources */,
				C3CA8DA129F0E953005B1D25 /* EntriesCompletedMessage.swift in Sources */,
				C3CA8DAA29F0EA75005B1D25 /* PercentRemaining.swift in Sources */,
				C3CA8DB529F0EBD8005B1D25 /* DataStore.swift in Sources */,
				C3CA8D9929F0E8C2005B1D25 /* GetGoalColor.swift in Sources */,
			);
			runOnlyForDeploymentPostprocessing = 0;
		};
/* End PBXSourcesBuildPhase section */

/* Begin PBXTargetDependency section */
		C3B92C7329A0632D003A8C74 /* PBXTargetDependency */ = {
			isa = PBXTargetDependency;
			target = C3B92C5F29A0632C003A8C74 /* CodingGoals */;
			targetProxy = C3B92C7229A0632D003A8C74 /* PBXContainerItemProxy */;
		};
/* End PBXTargetDependency section */

/* Begin XCBuildConfiguration section */
		C3B92C8329A0632D003A8C74 /* Debug */ = {
			isa = XCBuildConfiguration;
			buildSettings = {
				ALWAYS_SEARCH_USER_PATHS = NO;
				CLANG_ANALYZER_NONNULL = YES;
				CLANG_ANALYZER_NUMBER_OBJECT_CONVERSION = YES_AGGRESSIVE;
				CLANG_CXX_LANGUAGE_STANDARD = "gnu++20";
				CLANG_ENABLE_MODULES = YES;
				CLANG_ENABLE_OBJC_ARC = YES;
				CLANG_ENABLE_OBJC_WEAK = YES;
				CLANG_WARN_BLOCK_CAPTURE_AUTORELEASING = YES;
				CLANG_WARN_BOOL_CONVERSION = YES;
				CLANG_WARN_COMMA = YES;
				CLANG_WARN_CONSTANT_CONVERSION = YES;
				CLANG_WARN_DEPRECATED_OBJC_IMPLEMENTATIONS = YES;
				CLANG_WARN_DIRECT_OBJC_ISA_USAGE = YES_ERROR;
				CLANG_WARN_DOCUMENTATION_COMMENTS = YES;
				CLANG_WARN_EMPTY_BODY = YES;
				CLANG_WARN_ENUM_CONVERSION = YES;
				CLANG_WARN_INFINITE_RECURSION = YES;
				CLANG_WARN_INT_CONVERSION = YES;
				CLANG_WARN_NON_LITERAL_NULL_CONVERSION = YES;
				CLANG_WARN_OBJC_IMPLICIT_RETAIN_SELF = YES;
				CLANG_WARN_OBJC_LITERAL_CONVERSION = YES;
				CLANG_WARN_OBJC_ROOT_CLASS = YES_ERROR;
				CLANG_WARN_QUOTED_INCLUDE_IN_FRAMEWORK_HEADER = YES;
				CLANG_WARN_RANGE_LOOP_ANALYSIS = YES;
				CLANG_WARN_STRICT_PROTOTYPES = YES;
				CLANG_WARN_SUSPICIOUS_MOVE = YES;
				CLANG_WARN_UNGUARDED_AVAILABILITY = YES_AGGRESSIVE;
				CLANG_WARN_UNREACHABLE_CODE = YES;
				CLANG_WARN__DUPLICATE_METHOD_MATCH = YES;
				COPY_PHASE_STRIP = NO;
				DEBUG_INFORMATION_FORMAT = dwarf;
				ENABLE_STRICT_OBJC_MSGSEND = YES;
				ENABLE_TESTABILITY = YES;
				GCC_C_LANGUAGE_STANDARD = gnu11;
				GCC_DYNAMIC_NO_PIC = NO;
				GCC_NO_COMMON_BLOCKS = YES;
				GCC_OPTIMIZATION_LEVEL = 0;
				GCC_PREPROCESSOR_DEFINITIONS = (
					"DEBUG=1",
					"$(inherited)",
				);
				GCC_WARN_64_TO_32_BIT_CONVERSION = YES;
				GCC_WARN_ABOUT_RETURN_TYPE = YES_ERROR;
				GCC_WARN_UNDECLARED_SELECTOR = YES;
				GCC_WARN_UNINITIALIZED_AUTOS = YES_AGGRESSIVE;
				GCC_WARN_UNUSED_FUNCTION = YES;
				GCC_WARN_UNUSED_VARIABLE = YES;
				MTL_ENABLE_DEBUG_INFO = INCLUDE_SOURCE;
				MTL_FAST_MATH = YES;
				ONLY_ACTIVE_ARCH = YES;
				SWIFT_ACTIVE_COMPILATION_CONDITIONS = DEBUG;
				SWIFT_OPTIMIZATION_LEVEL = "-Onone";
			};
			name = Debug;
		};
		C3B92C8429A0632D003A8C74 /* Release */ = {
			isa = XCBuildConfiguration;
			buildSettings = {
				ALWAYS_SEARCH_USER_PATHS = NO;
				CLANG_ANALYZER_NONNULL = YES;
				CLANG_ANALYZER_NUMBER_OBJECT_CONVERSION = YES_AGGRESSIVE;
				CLANG_CXX_LANGUAGE_STANDARD = "gnu++20";
				CLANG_ENABLE_MODULES = YES;
				CLANG_ENABLE_OBJC_ARC = YES;
				CLANG_ENABLE_OBJC_WEAK = YES;
				CLANG_WARN_BLOCK_CAPTURE_AUTORELEASING = YES;
				CLANG_WARN_BOOL_CONVERSION = YES;
				CLANG_WARN_COMMA = YES;
				CLANG_WARN_CONSTANT_CONVERSION = YES;
				CLANG_WARN_DEPRECATED_OBJC_IMPLEMENTATIONS = YES;
				CLANG_WARN_DIRECT_OBJC_ISA_USAGE = YES_ERROR;
				CLANG_WARN_DOCUMENTATION_COMMENTS = YES;
				CLANG_WARN_EMPTY_BODY = YES;
				CLANG_WARN_ENUM_CONVERSION = YES;
				CLANG_WARN_INFINITE_RECURSION = YES;
				CLANG_WARN_INT_CONVERSION = YES;
				CLANG_WARN_NON_LITERAL_NULL_CONVERSION = YES;
				CLANG_WARN_OBJC_IMPLICIT_RETAIN_SELF = YES;
				CLANG_WARN_OBJC_LITERAL_CONVERSION = YES;
				CLANG_WARN_OBJC_ROOT_CLASS = YES_ERROR;
				CLANG_WARN_QUOTED_INCLUDE_IN_FRAMEWORK_HEADER = YES;
				CLANG_WARN_RANGE_LOOP_ANALYSIS = YES;
				CLANG_WARN_STRICT_PROTOTYPES = YES;
				CLANG_WARN_SUSPICIOUS_MOVE = YES;
				CLANG_WARN_UNGUARDED_AVAILABILITY = YES_AGGRESSIVE;
				CLANG_WARN_UNREACHABLE_CODE = YES;
				CLANG_WARN__DUPLICATE_METHOD_MATCH = YES;
				COPY_PHASE_STRIP = NO;
				DEBUG_INFORMATION_FORMAT = "dwarf-with-dsym";
				ENABLE_NS_ASSERTIONS = NO;
				ENABLE_STRICT_OBJC_MSGSEND = YES;
				GCC_C_LANGUAGE_STANDARD = gnu11;
				GCC_NO_COMMON_BLOCKS = YES;
				GCC_WARN_64_TO_32_BIT_CONVERSION = YES;
				GCC_WARN_ABOUT_RETURN_TYPE = YES_ERROR;
				GCC_WARN_UNDECLARED_SELECTOR = YES;
				GCC_WARN_UNINITIALIZED_AUTOS = YES_AGGRESSIVE;
				GCC_WARN_UNUSED_FUNCTION = YES;
				GCC_WARN_UNUSED_VARIABLE = YES;
				MTL_ENABLE_DEBUG_INFO = NO;
				MTL_FAST_MATH = YES;
				SWIFT_COMPILATION_MODE = wholemodule;
				SWIFT_OPTIMIZATION_LEVEL = "-O";
			};
			name = Release;
		};
		C3B92C8629A0632D003A8C74 /* Debug */ = {
			isa = XCBuildConfiguration;
			buildSettings = {
				ASSETCATALOG_COMPILER_APPICON_NAME = AppIcon;
				ASSETCATALOG_COMPILER_GLOBAL_ACCENT_COLOR_NAME = AccentColor;
				ASSETCATALOG_COMPILER_INCLUDE_ALL_APPICON_ASSETS = YES;
				CODE_SIGN_ENTITLEMENTS = CodingGoals/CodingGoals.entitlements;
				CODE_SIGN_STYLE = Automatic;
				CURRENT_PROJECT_VERSION = 1;
				DEVELOPMENT_ASSET_PATHS = "\"CodingGoals/(Preview Content)\"";
				DEVELOPMENT_TEAM = 8H9FWM9GMB;
				ENABLE_HARDENED_RUNTIME = YES;
				ENABLE_PREVIEWS = YES;
				GENERATE_INFOPLIST_FILE = YES;
				INFOPLIST_KEY_CFBundleDisplayName = "Coding Goals";
				"INFOPLIST_KEY_UIApplicationSceneManifest_Generation[sdk=iphoneos*]" = YES;
				"INFOPLIST_KEY_UIApplicationSceneManifest_Generation[sdk=iphonesimulator*]" = YES;
				"INFOPLIST_KEY_UIApplicationSupportsIndirectInputEvents[sdk=iphoneos*]" = YES;
				"INFOPLIST_KEY_UIApplicationSupportsIndirectInputEvents[sdk=iphonesimulator*]" = YES;
				"INFOPLIST_KEY_UILaunchScreen_Generation[sdk=iphoneos*]" = YES;
				"INFOPLIST_KEY_UILaunchScreen_Generation[sdk=iphonesimulator*]" = YES;
				"INFOPLIST_KEY_UIStatusBarStyle[sdk=iphoneos*]" = UIStatusBarStyleDefault;
				"INFOPLIST_KEY_UIStatusBarStyle[sdk=iphonesimulator*]" = UIStatusBarStyleDefault;
				INFOPLIST_KEY_UISupportedInterfaceOrientations_iPad = "UIInterfaceOrientationPortrait UIInterfaceOrientationPortraitUpsideDown UIInterfaceOrientationLandscapeLeft UIInterfaceOrientationLandscapeRight";
				INFOPLIST_KEY_UISupportedInterfaceOrientations_iPhone = "UIInterfaceOrientationPortrait UIInterfaceOrientationLandscapeLeft UIInterfaceOrientationLandscapeRight";
				IPHONEOS_DEPLOYMENT_TARGET = 16.2;
				LD_RUNPATH_SEARCH_PATHS = "@executable_path/Frameworks";
				"LD_RUNPATH_SEARCH_PATHS[sdk=macosx*]" = "@executable_path/../Frameworks";
				MACOSX_DEPLOYMENT_TARGET = 13.1;
				MARKETING_VERSION = 1.0;
				PRODUCT_BUNDLE_IDENTIFIER = com.chriscentrella.CodingGoals;
				PRODUCT_NAME = "$(TARGET_NAME)";
				SDKROOT = auto;
				SUPPORTED_PLATFORMS = "iphoneos iphonesimulator macosx";
				SWIFT_EMIT_LOC_STRINGS = YES;
				SWIFT_VERSION = 5.0;
				TARGETED_DEVICE_FAMILY = "1,2";
			};
			name = Debug;
		};
		C3B92C8729A0632D003A8C74 /* Release */ = {
			isa = XCBuildConfiguration;
			buildSettings = {
				ASSETCATALOG_COMPILER_APPICON_NAME = AppIcon;
				ASSETCATALOG_COMPILER_GLOBAL_ACCENT_COLOR_NAME = AccentColor;
				ASSETCATALOG_COMPILER_INCLUDE_ALL_APPICON_ASSETS = YES;
				CODE_SIGN_ENTITLEMENTS = CodingGoals/CodingGoals.entitlements;
				CODE_SIGN_STYLE = Automatic;
				CURRENT_PROJECT_VERSION = 1;
				DEVELOPMENT_ASSET_PATHS = "\"CodingGoals/(Preview Content)\"";
				DEVELOPMENT_TEAM = 8H9FWM9GMB;
				ENABLE_HARDENED_RUNTIME = YES;
				ENABLE_PREVIEWS = YES;
				GENERATE_INFOPLIST_FILE = YES;
				INFOPLIST_KEY_CFBundleDisplayName = "Coding Goals";
				"INFOPLIST_KEY_UIApplicationSceneManifest_Generation[sdk=iphoneos*]" = YES;
				"INFOPLIST_KEY_UIApplicationSceneManifest_Generation[sdk=iphonesimulator*]" = YES;
				"INFOPLIST_KEY_UIApplicationSupportsIndirectInputEvents[sdk=iphoneos*]" = YES;
				"INFOPLIST_KEY_UIApplicationSupportsIndirectInputEvents[sdk=iphonesimulator*]" = YES;
				"INFOPLIST_KEY_UILaunchScreen_Generation[sdk=iphoneos*]" = YES;
				"INFOPLIST_KEY_UILaunchScreen_Generation[sdk=iphonesimulator*]" = YES;
				"INFOPLIST_KEY_UIStatusBarStyle[sdk=iphoneos*]" = UIStatusBarStyleDefault;
				"INFOPLIST_KEY_UIStatusBarStyle[sdk=iphonesimulator*]" = UIStatusBarStyleDefault;
				INFOPLIST_KEY_UISupportedInterfaceOrientations_iPad = "UIInterfaceOrientationPortrait UIInterfaceOrientationPortraitUpsideDown UIInterfaceOrientationLandscapeLeft UIInterfaceOrientationLandscapeRight";
				INFOPLIST_KEY_UISupportedInterfaceOrientations_iPhone = "UIInterfaceOrientationPortrait UIInterfaceOrientationLandscapeLeft UIInterfaceOrientationLandscapeRight";
				IPHONEOS_DEPLOYMENT_TARGET = 16.2;
				LD_RUNPATH_SEARCH_PATHS = "@executable_path/Frameworks";
				"LD_RUNPATH_SEARCH_PATHS[sdk=macosx*]" = "@executable_path/../Frameworks";
				MACOSX_DEPLOYMENT_TARGET = 13.1;
				MARKETING_VERSION = 1.0;
				PRODUCT_BUNDLE_IDENTIFIER = com.chriscentrella.CodingGoals;
				PRODUCT_NAME = "$(TARGET_NAME)";
				SDKROOT = auto;
				SUPPORTED_PLATFORMS = "iphoneos iphonesimulator macosx";
				SWIFT_EMIT_LOC_STRINGS = YES;
				SWIFT_VERSION = 5.0;
				TARGETED_DEVICE_FAMILY = "1,2";
			};
			name = Release;
		};
		C3B92C8929A0632D003A8C74 /* Debug */ = {
			isa = XCBuildConfiguration;
			buildSettings = {
				ALWAYS_EMBED_SWIFT_STANDARD_LIBRARIES = YES;
				BUNDLE_LOADER = "$(TEST_HOST)";
				CODE_SIGN_STYLE = Automatic;
				CURRENT_PROJECT_VERSION = 1;
				DEVELOPMENT_TEAM = 8H9FWM9GMB;
				GENERATE_INFOPLIST_FILE = YES;
				IPHONEOS_DEPLOYMENT_TARGET = 16.2;
				MACOSX_DEPLOYMENT_TARGET = 13.1;
				MARKETING_VERSION = 1.0;
				PRODUCT_BUNDLE_IDENTIFIER = "com.chriscentrella.Coding-Goals-AppTests";
				PRODUCT_NAME = "$(TARGET_NAME)";
				SDKROOT = auto;
				SUPPORTED_PLATFORMS = "iphoneos iphonesimulator macosx";
				SWIFT_EMIT_LOC_STRINGS = NO;
				SWIFT_VERSION = 5.0;
				TARGETED_DEVICE_FAMILY = "1,2";
				TEST_HOST = "$(BUILT_PRODUCTS_DIR)/CodingGoals.app/$(BUNDLE_EXECUTABLE_FOLDER_PATH)/CodingGoals";
			};
			name = Debug;
		};
		C3B92C8A29A0632D003A8C74 /* Release */ = {
			isa = XCBuildConfiguration;
			buildSettings = {
				ALWAYS_EMBED_SWIFT_STANDARD_LIBRARIES = YES;
				BUNDLE_LOADER = "$(TEST_HOST)";
				CODE_SIGN_STYLE = Automatic;
				CURRENT_PROJECT_VERSION = 1;
				DEVELOPMENT_TEAM = 8H9FWM9GMB;
				GENERATE_INFOPLIST_FILE = YES;
				IPHONEOS_DEPLOYMENT_TARGET = 16.2;
				MACOSX_DEPLOYMENT_TARGET = 13.1;
				MARKETING_VERSION = 1.0;
				PRODUCT_BUNDLE_IDENTIFIER = "com.chriscentrella.Coding-Goals-AppTests";
				PRODUCT_NAME = "$(TARGET_NAME)";
				SDKROOT = auto;
				SUPPORTED_PLATFORMS = "iphoneos iphonesimulator macosx";
				SWIFT_EMIT_LOC_STRINGS = NO;
				SWIFT_VERSION = 5.0;
				TARGETED_DEVICE_FAMILY = "1,2";
				TEST_HOST = "$(BUILT_PRODUCTS_DIR)/CodingGoals.app/$(BUNDLE_EXECUTABLE_FOLDER_PATH)/CodingGoals";
			};
			name = Release;
		};
/* End XCBuildConfiguration section */

/* Begin XCConfigurationList section */
		C3B92C5B29A0632C003A8C74 /* Build configuration list for PBXProject "CodingGoals" */ = {
			isa = XCConfigurationList;
			buildConfigurations = (
				C3B92C8329A0632D003A8C74 /* Debug */,
				C3B92C8429A0632D003A8C74 /* Release */,
			);
			defaultConfigurationIsVisible = 0;
			defaultConfigurationName = Release;
		};
		C3B92C8529A0632D003A8C74 /* Build configuration list for PBXNativeTarget "CodingGoals" */ = {
			isa = XCConfigurationList;
			buildConfigurations = (
				C3B92C8629A0632D003A8C74 /* Debug */,
				C3B92C8729A0632D003A8C74 /* Release */,
			);
			defaultConfigurationIsVisible = 0;
			defaultConfigurationName = Release;
		};
		C3B92C8829A0632D003A8C74 /* Build configuration list for PBXNativeTarget "CodingGoalsTests" */ = {
			isa = XCConfigurationList;
			buildConfigurations = (
				C3B92C8929A0632D003A8C74 /* Debug */,
				C3B92C8A29A0632D003A8C74 /* Release */,
			);
			defaultConfigurationIsVisible = 0;
			defaultConfigurationName = Release;
		};
/* End XCConfigurationList section */
	};
	rootObject = C3B92C5829A0632C003A8C74 /* Project object */;
}
